// !$*UTF8*$!
{
	archiveVersion = 1;
	classes = {
	};
	objectVersion = 56;
	objects = {

/* Begin PBXBuildFile section */
		3C13A7E129B9A74300E2FB03 /* AppDelegate.swift in Sources */ = {isa = PBXBuildFile; fileRef = 3C13A7E029B9A74300E2FB03 /* AppDelegate.swift */; };
		3C13A7E329B9A74300E2FB03 /* SceneDelegate.swift in Sources */ = {isa = PBXBuildFile; fileRef = 3C13A7E229B9A74300E2FB03 /* SceneDelegate.swift */; };
		3C13A7E529B9A74300E2FB03 /* ListViewController.swift in Sources */ = {isa = PBXBuildFile; fileRef = 3C13A7E429B9A74300E2FB03 /* ListViewController.swift */; };
		3C13A7EA29B9A74500E2FB03 /* Assets.xcassets in Resources */ = {isa = PBXBuildFile; fileRef = 3C13A7E929B9A74500E2FB03 /* Assets.xcassets */; };
		3C13A7ED29B9A74500E2FB03 /* LaunchScreen.storyboard in Resources */ = {isa = PBXBuildFile; fileRef = 3C13A7EB29B9A74500E2FB03 /* LaunchScreen.storyboard */; };
		3C13A7F929B9B1B600E2FB03 /* Product.swift in Sources */ = {isa = PBXBuildFile; fileRef = 3C13A7F829B9B1B600E2FB03 /* Product.swift */; };
		3C13A7FB29B9B3AB00E2FB03 /* ProductPage.swift in Sources */ = {isa = PBXBuildFile; fileRef = 3C13A7FA29B9B3AB00E2FB03 /* ProductPage.swift */; };
		3C13A7FD29B9B6BC00E2FB03 /* LocationData.swift in Sources */ = {isa = PBXBuildFile; fileRef = 3C13A7FC29B9B6BC00E2FB03 /* LocationData.swift */; };
		3C13A80029B9BAA900E2FB03 /* CustomRequest.swift in Sources */ = {isa = PBXBuildFile; fileRef = 3C13A7FF29B9BAA900E2FB03 /* CustomRequest.swift */; };
		3C13A80229B9C85600E2FB03 /* HTTPMethod.swift in Sources */ = {isa = PBXBuildFile; fileRef = 3C13A80129B9C85600E2FB03 /* HTTPMethod.swift */; };
		3C13A80729B9CBE200E2FB03 /* NetworkService.swift in Sources */ = {isa = PBXBuildFile; fileRef = 3C13A80629B9CBE200E2FB03 /* NetworkService.swift */; };
		3C13A80C29B9CC9A00E2FB03 /* NetworkError.swift in Sources */ = {isa = PBXBuildFile; fileRef = 3C13A80B29B9CC9A00E2FB03 /* NetworkError.swift */; };
		3C23C2E129BB027B00802CEC /* ProductRepository.swift in Sources */ = {isa = PBXBuildFile; fileRef = 3C23C2E029BB027B00802CEC /* ProductRepository.swift */; };
		3C23C2E529BB10A300802CEC /* URLComponents+Extension.swift in Sources */ = {isa = PBXBuildFile; fileRef = 3C23C2E429BB10A300802CEC /* URLComponents+Extension.swift */; };
		3C23C2E729BB12C700802CEC /* DefaultProductRepository.swift in Sources */ = {isa = PBXBuildFile; fileRef = 3C23C2E629BB12C700802CEC /* DefaultProductRepository.swift */; };
		3C23C2EF29BB1E6B00802CEC /* NetworkRepositoryTest.swift in Sources */ = {isa = PBXBuildFile; fileRef = 3C23C2EE29BB1E6B00802CEC /* NetworkRepositoryTest.swift */; };
		3C23C2F829BB25BF00802CEC /* FirebaseFirestore in Frameworks */ = {isa = PBXBuildFile; productRef = 3C23C2F729BB25BF00802CEC /* FirebaseFirestore */; };
		3C23C2FA29BB25BF00802CEC /* FirebaseFirestoreSwift in Frameworks */ = {isa = PBXBuildFile; productRef = 3C23C2F929BB25BF00802CEC /* FirebaseFirestoreSwift */; };
		3C23C2FC29BB26F600802CEC /* GoogleService-Info.plist in Resources */ = {isa = PBXBuildFile; fileRef = 3C23C2FB29BB26F500802CEC /* GoogleService-Info.plist */; };
		3C23C2FF29BB290700802CEC /* FireBaseService.swift in Sources */ = {isa = PBXBuildFile; fileRef = 3C23C2FE29BB290700802CEC /* FireBaseService.swift */; };
		3C23C30129BB2F7A00802CEC /* LocationRepository.swift in Sources */ = {isa = PBXBuildFile; fileRef = 3C23C30029BB2F7A00802CEC /* LocationRepository.swift */; };
		3C23C30529BC13E100802CEC /* DefaultLocationRepository.swift in Sources */ = {isa = PBXBuildFile; fileRef = 3C23C30429BC13E100802CEC /* DefaultLocationRepository.swift */; };
		3C23C30829BC1D1000802CEC /* FetchProductListUseCase.swift in Sources */ = {isa = PBXBuildFile; fileRef = 3C23C30729BC1D1000802CEC /* FetchProductListUseCase.swift */; };
		3C23C30E29BC1EE000802CEC /* DecodeManager.swift in Sources */ = {isa = PBXBuildFile; fileRef = 3C23C30D29BC1EE000802CEC /* DecodeManager.swift */; };
		3C244F7F29C820A2007FCA2E /* ServiceDIContainer.swift in Sources */ = {isa = PBXBuildFile; fileRef = 3C244F7E29C820A2007FCA2E /* ServiceDIContainer.swift */; };
		3C244F8129C820F5007FCA2E /* SceneDIContainer.swift in Sources */ = {isa = PBXBuildFile; fileRef = 3C244F8029C820F5007FCA2E /* SceneDIContainer.swift */; };
		3C244F8629C8458A007FCA2E /* Coordinator.swift in Sources */ = {isa = PBXBuildFile; fileRef = 3C244F8529C8458A007FCA2E /* Coordinator.swift */; };
		3C244F8829C845BF007FCA2E /* ListCoordinator.swift in Sources */ = {isa = PBXBuildFile; fileRef = 3C244F8729C845BF007FCA2E /* ListCoordinator.swift */; };
		3C244F8A29C845D4007FCA2E /* DetailCoordinator.swift in Sources */ = {isa = PBXBuildFile; fileRef = 3C244F8929C845D4007FCA2E /* DetailCoordinator.swift */; };
		3C244F8C29C845F2007FCA2E /* AddCoordinator.swift in Sources */ = {isa = PBXBuildFile; fileRef = 3C244F8B29C845F2007FCA2E /* AddCoordinator.swift */; };
		3C244F8E29C84605007FCA2E /* EditCoordinator.swift in Sources */ = {isa = PBXBuildFile; fileRef = 3C244F8D29C84605007FCA2E /* EditCoordinator.swift */; };
		3C244F9029C85B92007FCA2E /* AlertPresentable.swift in Sources */ = {isa = PBXBuildFile; fileRef = 3C244F8F29C85B92007FCA2E /* AlertPresentable.swift */; };
		3C28EF1829C0B86D00F60F2D /* UILabel+Extension.swift in Sources */ = {isa = PBXBuildFile; fileRef = 3C28EF1729C0B86D00F60F2D /* UILabel+Extension.swift */; };
		3C40159829C1AD23007448A8 /* HeaderView.swift in Sources */ = {isa = PBXBuildFile; fileRef = 3C40159729C1AD23007448A8 /* HeaderView.swift */; };
		3C40159B29C2E92C007448A8 /* Observabel.swift in Sources */ = {isa = PBXBuildFile; fileRef = 3C40159A29C2E92C007448A8 /* Observabel.swift */; };
		3C40159E29C41769007448A8 /* DetailViewController.swift in Sources */ = {isa = PBXBuildFile; fileRef = 3C40159D29C41769007448A8 /* DetailViewController.swift */; };
		3C4015A229C41794007448A8 /* DetailViewModel.swift in Sources */ = {isa = PBXBuildFile; fileRef = 3C4015A129C41794007448A8 /* DetailViewModel.swift */; };
		3C4015A429C41C51007448A8 /* UIStackView+Extension.swift in Sources */ = {isa = PBXBuildFile; fileRef = 3C4015A329C41C51007448A8 /* UIStackView+Extension.swift */; };
		3C4015A729C43D7A007448A8 /* DetailImageCell.swift in Sources */ = {isa = PBXBuildFile; fileRef = 3C4015A629C43D7A007448A8 /* DetailImageCell.swift */; };
		3C4015AB29C44775007448A8 /* FetchProductDetailUseCase.swift in Sources */ = {isa = PBXBuildFile; fileRef = 3C4015AA29C44775007448A8 /* FetchProductDetailUseCase.swift */; };
		3C4015AD29C4492F007448A8 /* ProductInfoView.swift in Sources */ = {isa = PBXBuildFile; fileRef = 3C4015AC29C4492F007448A8 /* ProductInfoView.swift */; };
		3C4015B229C4AF4B007448A8 /* AddViewController.swift in Sources */ = {isa = PBXBuildFile; fileRef = 3C4015B129C4AF4B007448A8 /* AddViewController.swift */; };
		3C4015B429C4AF63007448A8 /* AddViewModel.swift in Sources */ = {isa = PBXBuildFile; fileRef = 3C4015B329C4AF63007448A8 /* AddViewModel.swift */; };
		3C63BFF129C951E800ADCB42 /* CacheService.swift in Sources */ = {isa = PBXBuildFile; fileRef = 3C63BFF029C951E800ADCB42 /* CacheService.swift */; };
		3C63BFF329C9530000ADCB42 /* WrapperData.swift in Sources */ = {isa = PBXBuildFile; fileRef = 3C63BFF229C9530000ADCB42 /* WrapperData.swift */; };
		3C7DD6DC29C76BF6004E66D1 /* DeleteLocationUseCase.swift in Sources */ = {isa = PBXBuildFile; fileRef = 3C7DD6DB29C76BF6004E66D1 /* DeleteLocationUseCase.swift */; };
		3CA09F4D29C75F4C00C51452 /* DeleteDataRequest.swift in Sources */ = {isa = PBXBuildFile; fileRef = 3CA09F4C29C75F4C00C51452 /* DeleteDataRequest.swift */; };
		3CA09F4F29C7660400C51452 /* DeleteURIRequest.swift in Sources */ = {isa = PBXBuildFile; fileRef = 3CA09F4E29C7660400C51452 /* DeleteURIRequest.swift */; };
		3CA09F5329C7673600C51452 /* DeleteProductUseCase.swift in Sources */ = {isa = PBXBuildFile; fileRef = 3CA09F5229C7673600C51452 /* DeleteProductUseCase.swift */; };
		3CA9B6FA29BCA22200C3B28D /* FetchLocationUseCase.swift in Sources */ = {isa = PBXBuildFile; fileRef = 3CA9B6F929BCA22200C3B28D /* FetchLocationUseCase.swift */; };
		3CA9B6FD29BCAB2700C3B28D /* UseIdentifiable.swift in Sources */ = {isa = PBXBuildFile; fileRef = 3CA9B6FC29BCAB2700C3B28D /* UseIdentifiable.swift */; };
		3CB4B5FC29C69E860012BBB1 /* PostResponse.swift in Sources */ = {isa = PBXBuildFile; fileRef = 3CB4B5FB29C69E860012BBB1 /* PostResponse.swift */; };
		3CB4B60129C6A1830012BBB1 /* EditViewModel.swift in Sources */ = {isa = PBXBuildFile; fileRef = 3CB4B60029C6A1830012BBB1 /* EditViewModel.swift */; };
		3CB4B60329C6A18E0012BBB1 /* EditViewController.swift in Sources */ = {isa = PBXBuildFile; fileRef = 3CB4B60229C6A18E0012BBB1 /* EditViewController.swift */; };
		3CB4B60529C6A33B0012BBB1 /* EditPatchRequest.swift in Sources */ = {isa = PBXBuildFile; fileRef = 3CB4B60429C6A33B0012BBB1 /* EditPatchRequest.swift */; };
		3CB4B60929C6A7D60012BBB1 /* URLRequest+Extension.swift in Sources */ = {isa = PBXBuildFile; fileRef = 3CB4B60829C6A7D60012BBB1 /* URLRequest+Extension.swift */; };
		3CB4B60B29C6A7E90012BBB1 /* Data+Extension.swift in Sources */ = {isa = PBXBuildFile; fileRef = 3CB4B60A29C6A7E90012BBB1 /* Data+Extension.swift */; };
		3CB4B60D29C6A9140012BBB1 /* PatchProductUseCase.swift in Sources */ = {isa = PBXBuildFile; fileRef = 3CB4B60C29C6A9140012BBB1 /* PatchProductUseCase.swift */; };
		3CB4B60F29C6AE480012BBB1 /* EditView.swift in Sources */ = {isa = PBXBuildFile; fileRef = 3CB4B60E29C6AE480012BBB1 /* EditView.swift */; };
		3CB4B61529C6CD1C0012BBB1 /* UploadView.swift in Sources */ = {isa = PBXBuildFile; fileRef = 3CB4B61429C6CD1C0012BBB1 /* UploadView.swift */; };
		3CB7C81F29BC2408001E7992 /* Formatter+Extension.swift in Sources */ = {isa = PBXBuildFile; fileRef = 3CB7C81E29BC2408001E7992 /* Formatter+Extension.swift */; };
		3CB7C82529BC31F4001E7992 /* ListViewModel.swift in Sources */ = {isa = PBXBuildFile; fileRef = 3CB7C82429BC31F4001E7992 /* ListViewModel.swift */; };
		3CB7C82E29BC72B3001E7992 /* LocationCollectionViewCell.swift in Sources */ = {isa = PBXBuildFile; fileRef = 3CB7C82D29BC72B3001E7992 /* LocationCollectionViewCell.swift */; };
		3CB7C83129BC88B6001E7992 /* CollectionCell.swift in Sources */ = {isa = PBXBuildFile; fileRef = 3CB7C83029BC88B6001E7992 /* CollectionCell.swift */; };
		3CB7C83329BC8986001E7992 /* ListCollectionViewCell.swift in Sources */ = {isa = PBXBuildFile; fileRef = 3CB7C83229BC8986001E7992 /* ListCollectionViewCell.swift */; };
		3CB7C83529BC8993001E7992 /* GridCollectionViewCell.swift in Sources */ = {isa = PBXBuildFile; fileRef = 3CB7C83429BC8993001E7992 /* GridCollectionViewCell.swift */; };
		3CB7C83729BC8C57001E7992 /* ProductCellViewModel.swift in Sources */ = {isa = PBXBuildFile; fileRef = 3CB7C83629BC8C57001E7992 /* ProductCellViewModel.swift */; };
		3CB7C83929BC8E5E001E7992 /* LoadImageUseCase.swift in Sources */ = {isa = PBXBuildFile; fileRef = 3CB7C83829BC8E5E001E7992 /* LoadImageUseCase.swift */; };
		3CFA1E0729C5667A0024BA3C /* AddView.swift in Sources */ = {isa = PBXBuildFile; fileRef = 3CFA1E0629C5667A0024BA3C /* AddView.swift */; };
		3CFA1E0929C576B80024BA3C /* UITextField+Extension.swift in Sources */ = {isa = PBXBuildFile; fileRef = 3CFA1E0829C576B80024BA3C /* UITextField+Extension.swift */; };
		3CFA1E0C29C57F560024BA3C /* UploadImageCell.swift in Sources */ = {isa = PBXBuildFile; fileRef = 3CFA1E0B29C57F560024BA3C /* UploadImageCell.swift */; };
		3CFA1E1229C58E5B0024BA3C /* PostProduct.swift in Sources */ = {isa = PBXBuildFile; fileRef = 3CFA1E1129C58E5B0024BA3C /* PostProduct.swift */; };
		3CFA1E1429C596650024BA3C /* PostProductUseCase.swift in Sources */ = {isa = PBXBuildFile; fileRef = 3CFA1E1329C596650024BA3C /* PostProductUseCase.swift */; };
		3CFA1E1629C5F25B0024BA3C /* UIImage+Extension.swift in Sources */ = {isa = PBXBuildFile; fileRef = 3CFA1E1529C5F25B0024BA3C /* UIImage+Extension.swift */; };
		3CFA1E1929C5FA060024BA3C /* ListFetchRequest.swift in Sources */ = {isa = PBXBuildFile; fileRef = 3CFA1E1829C5FA060024BA3C /* ListFetchRequest.swift */; };
		3CFA1E1B29C5FA3C0024BA3C /* DetailFetchRequest.swift in Sources */ = {isa = PBXBuildFile; fileRef = 3CFA1E1A29C5FA3C0024BA3C /* DetailFetchRequest.swift */; };
		3CFA1E1D29C5FA5D0024BA3C /* ImageLoadRequest.swift in Sources */ = {isa = PBXBuildFile; fileRef = 3CFA1E1C29C5FA5D0024BA3C /* ImageLoadRequest.swift */; };
		3CFA1E1F29C5FA750024BA3C /* PostDataRequest.swift in Sources */ = {isa = PBXBuildFile; fileRef = 3CFA1E1E29C5FA750024BA3C /* PostDataRequest.swift */; };
		3CFA1E2A29C601C80024BA3C /* PostLocationUseCase.swift in Sources */ = {isa = PBXBuildFile; fileRef = 3CFA1E2929C601C80024BA3C /* PostLocationUseCase.swift */; };
/* End PBXBuildFile section */

/* Begin PBXContainerItemProxy section */
		3C23C2F029BB1E6B00802CEC /* PBXContainerItemProxy */ = {
			isa = PBXContainerItemProxy;
			containerPortal = 3C13A7D529B9A74300E2FB03 /* Project object */;
			proxyType = 1;
			remoteGlobalIDString = 3C13A7DC29B9A74300E2FB03;
			remoteInfo = "K-Market";
		};
/* End PBXContainerItemProxy section */

/* Begin PBXFileReference section */
		3C13A7DD29B9A74300E2FB03 /* K-Market.app */ = {isa = PBXFileReference; explicitFileType = wrapper.application; includeInIndex = 0; path = "K-Market.app"; sourceTree = BUILT_PRODUCTS_DIR; };
		3C13A7E029B9A74300E2FB03 /* AppDelegate.swift */ = {isa = PBXFileReference; lastKnownFileType = sourcecode.swift; path = AppDelegate.swift; sourceTree = "<group>"; };
		3C13A7E229B9A74300E2FB03 /* SceneDelegate.swift */ = {isa = PBXFileReference; lastKnownFileType = sourcecode.swift; path = SceneDelegate.swift; sourceTree = "<group>"; };
		3C13A7E429B9A74300E2FB03 /* ListViewController.swift */ = {isa = PBXFileReference; lastKnownFileType = sourcecode.swift; path = ListViewController.swift; sourceTree = "<group>"; };
		3C13A7E929B9A74500E2FB03 /* Assets.xcassets */ = {isa = PBXFileReference; lastKnownFileType = folder.assetcatalog; path = Assets.xcassets; sourceTree = "<group>"; };
		3C13A7EC29B9A74500E2FB03 /* Base */ = {isa = PBXFileReference; lastKnownFileType = file.storyboard; name = Base; path = Base.lproj/LaunchScreen.storyboard; sourceTree = "<group>"; };
		3C13A7EE29B9A74500E2FB03 /* Info.plist */ = {isa = PBXFileReference; lastKnownFileType = text.plist.xml; path = Info.plist; sourceTree = "<group>"; };
		3C13A7F829B9B1B600E2FB03 /* Product.swift */ = {isa = PBXFileReference; lastKnownFileType = sourcecode.swift; path = Product.swift; sourceTree = "<group>"; };
		3C13A7FA29B9B3AB00E2FB03 /* ProductPage.swift */ = {isa = PBXFileReference; lastKnownFileType = sourcecode.swift; path = ProductPage.swift; sourceTree = "<group>"; };
		3C13A7FC29B9B6BC00E2FB03 /* LocationData.swift */ = {isa = PBXFileReference; lastKnownFileType = sourcecode.swift; path = LocationData.swift; sourceTree = "<group>"; };
		3C13A7FF29B9BAA900E2FB03 /* CustomRequest.swift */ = {isa = PBXFileReference; lastKnownFileType = sourcecode.swift; path = CustomRequest.swift; sourceTree = "<group>"; };
		3C13A80129B9C85600E2FB03 /* HTTPMethod.swift */ = {isa = PBXFileReference; lastKnownFileType = sourcecode.swift; path = HTTPMethod.swift; sourceTree = "<group>"; };
		3C13A80629B9CBE200E2FB03 /* NetworkService.swift */ = {isa = PBXFileReference; lastKnownFileType = sourcecode.swift; path = NetworkService.swift; sourceTree = "<group>"; };
		3C13A80B29B9CC9A00E2FB03 /* NetworkError.swift */ = {isa = PBXFileReference; lastKnownFileType = sourcecode.swift; path = NetworkError.swift; sourceTree = "<group>"; };
		3C23C2E029BB027B00802CEC /* ProductRepository.swift */ = {isa = PBXFileReference; lastKnownFileType = sourcecode.swift; path = ProductRepository.swift; sourceTree = "<group>"; };
		3C23C2E429BB10A300802CEC /* URLComponents+Extension.swift */ = {isa = PBXFileReference; lastKnownFileType = sourcecode.swift; path = "URLComponents+Extension.swift"; sourceTree = "<group>"; };
		3C23C2E629BB12C700802CEC /* DefaultProductRepository.swift */ = {isa = PBXFileReference; lastKnownFileType = sourcecode.swift; path = DefaultProductRepository.swift; sourceTree = "<group>"; };
		3C23C2EC29BB1E6B00802CEC /* K-MarketTests.xctest */ = {isa = PBXFileReference; explicitFileType = wrapper.cfbundle; includeInIndex = 0; path = "K-MarketTests.xctest"; sourceTree = BUILT_PRODUCTS_DIR; };
		3C23C2EE29BB1E6B00802CEC /* NetworkRepositoryTest.swift */ = {isa = PBXFileReference; lastKnownFileType = sourcecode.swift; path = NetworkRepositoryTest.swift; sourceTree = "<group>"; };
		3C23C2FB29BB26F500802CEC /* GoogleService-Info.plist */ = {isa = PBXFileReference; fileEncoding = 4; lastKnownFileType = text.plist.xml; path = "GoogleService-Info.plist"; sourceTree = "<group>"; };
		3C23C2FE29BB290700802CEC /* FireBaseService.swift */ = {isa = PBXFileReference; lastKnownFileType = sourcecode.swift; path = FireBaseService.swift; sourceTree = "<group>"; };
		3C23C30029BB2F7A00802CEC /* LocationRepository.swift */ = {isa = PBXFileReference; lastKnownFileType = sourcecode.swift; path = LocationRepository.swift; sourceTree = "<group>"; };
		3C23C30429BC13E100802CEC /* DefaultLocationRepository.swift */ = {isa = PBXFileReference; lastKnownFileType = sourcecode.swift; path = DefaultLocationRepository.swift; sourceTree = "<group>"; };
		3C23C30729BC1D1000802CEC /* FetchProductListUseCase.swift */ = {isa = PBXFileReference; lastKnownFileType = sourcecode.swift; path = FetchProductListUseCase.swift; sourceTree = "<group>"; };
		3C23C30D29BC1EE000802CEC /* DecodeManager.swift */ = {isa = PBXFileReference; lastKnownFileType = sourcecode.swift; path = DecodeManager.swift; sourceTree = "<group>"; };
		3C244F7E29C820A2007FCA2E /* ServiceDIContainer.swift */ = {isa = PBXFileReference; lastKnownFileType = sourcecode.swift; path = ServiceDIContainer.swift; sourceTree = "<group>"; };
		3C244F8029C820F5007FCA2E /* SceneDIContainer.swift */ = {isa = PBXFileReference; lastKnownFileType = sourcecode.swift; path = SceneDIContainer.swift; sourceTree = "<group>"; };
		3C244F8529C8458A007FCA2E /* Coordinator.swift */ = {isa = PBXFileReference; lastKnownFileType = sourcecode.swift; path = Coordinator.swift; sourceTree = "<group>"; };
		3C244F8729C845BF007FCA2E /* ListCoordinator.swift */ = {isa = PBXFileReference; lastKnownFileType = sourcecode.swift; path = ListCoordinator.swift; sourceTree = "<group>"; };
		3C244F8929C845D4007FCA2E /* DetailCoordinator.swift */ = {isa = PBXFileReference; lastKnownFileType = sourcecode.swift; path = DetailCoordinator.swift; sourceTree = "<group>"; };
		3C244F8B29C845F2007FCA2E /* AddCoordinator.swift */ = {isa = PBXFileReference; lastKnownFileType = sourcecode.swift; path = AddCoordinator.swift; sourceTree = "<group>"; };
		3C244F8D29C84605007FCA2E /* EditCoordinator.swift */ = {isa = PBXFileReference; lastKnownFileType = sourcecode.swift; path = EditCoordinator.swift; sourceTree = "<group>"; };
		3C244F8F29C85B92007FCA2E /* AlertPresentable.swift */ = {isa = PBXFileReference; lastKnownFileType = sourcecode.swift; path = AlertPresentable.swift; sourceTree = "<group>"; };
		3C28EF1729C0B86D00F60F2D /* UILabel+Extension.swift */ = {isa = PBXFileReference; lastKnownFileType = sourcecode.swift; path = "UILabel+Extension.swift"; sourceTree = "<group>"; };
		3C40159729C1AD23007448A8 /* HeaderView.swift */ = {isa = PBXFileReference; lastKnownFileType = sourcecode.swift; path = HeaderView.swift; sourceTree = "<group>"; };
		3C40159A29C2E92C007448A8 /* Observabel.swift */ = {isa = PBXFileReference; lastKnownFileType = sourcecode.swift; path = Observabel.swift; sourceTree = "<group>"; };
		3C40159D29C41769007448A8 /* DetailViewController.swift */ = {isa = PBXFileReference; lastKnownFileType = sourcecode.swift; path = DetailViewController.swift; sourceTree = "<group>"; };
		3C4015A129C41794007448A8 /* DetailViewModel.swift */ = {isa = PBXFileReference; lastKnownFileType = sourcecode.swift; path = DetailViewModel.swift; sourceTree = "<group>"; };
		3C4015A329C41C51007448A8 /* UIStackView+Extension.swift */ = {isa = PBXFileReference; lastKnownFileType = sourcecode.swift; path = "UIStackView+Extension.swift"; sourceTree = "<group>"; };
		3C4015A629C43D7A007448A8 /* DetailImageCell.swift */ = {isa = PBXFileReference; lastKnownFileType = sourcecode.swift; path = DetailImageCell.swift; sourceTree = "<group>"; };
		3C4015AA29C44775007448A8 /* FetchProductDetailUseCase.swift */ = {isa = PBXFileReference; lastKnownFileType = sourcecode.swift; path = FetchProductDetailUseCase.swift; sourceTree = "<group>"; };
		3C4015AC29C4492F007448A8 /* ProductInfoView.swift */ = {isa = PBXFileReference; lastKnownFileType = sourcecode.swift; path = ProductInfoView.swift; sourceTree = "<group>"; };
		3C4015B129C4AF4B007448A8 /* AddViewController.swift */ = {isa = PBXFileReference; lastKnownFileType = sourcecode.swift; path = AddViewController.swift; sourceTree = "<group>"; };
		3C4015B329C4AF63007448A8 /* AddViewModel.swift */ = {isa = PBXFileReference; lastKnownFileType = sourcecode.swift; path = AddViewModel.swift; sourceTree = "<group>"; };
		3C63BFF029C951E800ADCB42 /* CacheService.swift */ = {isa = PBXFileReference; lastKnownFileType = sourcecode.swift; path = CacheService.swift; sourceTree = "<group>"; };
		3C63BFF229C9530000ADCB42 /* WrapperData.swift */ = {isa = PBXFileReference; lastKnownFileType = sourcecode.swift; path = WrapperData.swift; sourceTree = "<group>"; };
		3C7DD6DB29C76BF6004E66D1 /* DeleteLocationUseCase.swift */ = {isa = PBXFileReference; lastKnownFileType = sourcecode.swift; path = DeleteLocationUseCase.swift; sourceTree = "<group>"; };
		3CA09F4C29C75F4C00C51452 /* DeleteDataRequest.swift */ = {isa = PBXFileReference; lastKnownFileType = sourcecode.swift; path = DeleteDataRequest.swift; sourceTree = "<group>"; };
		3CA09F4E29C7660400C51452 /* DeleteURIRequest.swift */ = {isa = PBXFileReference; lastKnownFileType = sourcecode.swift; path = DeleteURIRequest.swift; sourceTree = "<group>"; };
		3CA09F5229C7673600C51452 /* DeleteProductUseCase.swift */ = {isa = PBXFileReference; lastKnownFileType = sourcecode.swift; path = DeleteProductUseCase.swift; sourceTree = "<group>"; };
		3CA9B6F929BCA22200C3B28D /* FetchLocationUseCase.swift */ = {isa = PBXFileReference; lastKnownFileType = sourcecode.swift; path = FetchLocationUseCase.swift; sourceTree = "<group>"; };
		3CA9B6FC29BCAB2700C3B28D /* UseIdentifiable.swift */ = {isa = PBXFileReference; lastKnownFileType = sourcecode.swift; path = UseIdentifiable.swift; sourceTree = "<group>"; };
		3CB4B5FB29C69E860012BBB1 /* PostResponse.swift */ = {isa = PBXFileReference; lastKnownFileType = sourcecode.swift; path = PostResponse.swift; sourceTree = "<group>"; };
		3CB4B60029C6A1830012BBB1 /* EditViewModel.swift */ = {isa = PBXFileReference; lastKnownFileType = sourcecode.swift; path = EditViewModel.swift; sourceTree = "<group>"; };
		3CB4B60229C6A18E0012BBB1 /* EditViewController.swift */ = {isa = PBXFileReference; lastKnownFileType = sourcecode.swift; path = EditViewController.swift; sourceTree = "<group>"; };
		3CB4B60429C6A33B0012BBB1 /* EditPatchRequest.swift */ = {isa = PBXFileReference; lastKnownFileType = sourcecode.swift; path = EditPatchRequest.swift; sourceTree = "<group>"; };
		3CB4B60829C6A7D60012BBB1 /* URLRequest+Extension.swift */ = {isa = PBXFileReference; lastKnownFileType = sourcecode.swift; path = "URLRequest+Extension.swift"; sourceTree = "<group>"; };
		3CB4B60A29C6A7E90012BBB1 /* Data+Extension.swift */ = {isa = PBXFileReference; lastKnownFileType = sourcecode.swift; path = "Data+Extension.swift"; sourceTree = "<group>"; };
		3CB4B60C29C6A9140012BBB1 /* PatchProductUseCase.swift */ = {isa = PBXFileReference; lastKnownFileType = sourcecode.swift; path = PatchProductUseCase.swift; sourceTree = "<group>"; };
		3CB4B60E29C6AE480012BBB1 /* EditView.swift */ = {isa = PBXFileReference; lastKnownFileType = sourcecode.swift; path = EditView.swift; sourceTree = "<group>"; };
		3CB4B61429C6CD1C0012BBB1 /* UploadView.swift */ = {isa = PBXFileReference; lastKnownFileType = sourcecode.swift; path = UploadView.swift; sourceTree = "<group>"; };
		3CB7C81E29BC2408001E7992 /* Formatter+Extension.swift */ = {isa = PBXFileReference; lastKnownFileType = sourcecode.swift; path = "Formatter+Extension.swift"; sourceTree = "<group>"; };
		3CB7C82429BC31F4001E7992 /* ListViewModel.swift */ = {isa = PBXFileReference; lastKnownFileType = sourcecode.swift; path = ListViewModel.swift; sourceTree = "<group>"; };
		3CB7C82D29BC72B3001E7992 /* LocationCollectionViewCell.swift */ = {isa = PBXFileReference; lastKnownFileType = sourcecode.swift; path = LocationCollectionViewCell.swift; sourceTree = "<group>"; };
		3CB7C83029BC88B6001E7992 /* CollectionCell.swift */ = {isa = PBXFileReference; lastKnownFileType = sourcecode.swift; path = CollectionCell.swift; sourceTree = "<group>"; };
		3CB7C83229BC8986001E7992 /* ListCollectionViewCell.swift */ = {isa = PBXFileReference; lastKnownFileType = sourcecode.swift; path = ListCollectionViewCell.swift; sourceTree = "<group>"; };
		3CB7C83429BC8993001E7992 /* GridCollectionViewCell.swift */ = {isa = PBXFileReference; lastKnownFileType = sourcecode.swift; path = GridCollectionViewCell.swift; sourceTree = "<group>"; };
		3CB7C83629BC8C57001E7992 /* ProductCellViewModel.swift */ = {isa = PBXFileReference; lastKnownFileType = sourcecode.swift; path = ProductCellViewModel.swift; sourceTree = "<group>"; };
		3CB7C83829BC8E5E001E7992 /* LoadImageUseCase.swift */ = {isa = PBXFileReference; lastKnownFileType = sourcecode.swift; path = LoadImageUseCase.swift; sourceTree = "<group>"; };
		3CFA1E0629C5667A0024BA3C /* AddView.swift */ = {isa = PBXFileReference; lastKnownFileType = sourcecode.swift; path = AddView.swift; sourceTree = "<group>"; };
		3CFA1E0829C576B80024BA3C /* UITextField+Extension.swift */ = {isa = PBXFileReference; lastKnownFileType = sourcecode.swift; path = "UITextField+Extension.swift"; sourceTree = "<group>"; };
		3CFA1E0B29C57F560024BA3C /* UploadImageCell.swift */ = {isa = PBXFileReference; lastKnownFileType = sourcecode.swift; name = UploadImageCell.swift; path = "K-Market/Source/Present/AddScene/View/UploadImageCell.swift"; sourceTree = SOURCE_ROOT; };
		3CFA1E1129C58E5B0024BA3C /* PostProduct.swift */ = {isa = PBXFileReference; lastKnownFileType = sourcecode.swift; path = PostProduct.swift; sourceTree = "<group>"; };
		3CFA1E1329C596650024BA3C /* PostProductUseCase.swift */ = {isa = PBXFileReference; lastKnownFileType = sourcecode.swift; path = PostProductUseCase.swift; sourceTree = "<group>"; };
		3CFA1E1529C5F25B0024BA3C /* UIImage+Extension.swift */ = {isa = PBXFileReference; lastKnownFileType = sourcecode.swift; path = "UIImage+Extension.swift"; sourceTree = "<group>"; };
		3CFA1E1829C5FA060024BA3C /* ListFetchRequest.swift */ = {isa = PBXFileReference; lastKnownFileType = sourcecode.swift; path = ListFetchRequest.swift; sourceTree = "<group>"; };
		3CFA1E1A29C5FA3C0024BA3C /* DetailFetchRequest.swift */ = {isa = PBXFileReference; lastKnownFileType = sourcecode.swift; path = DetailFetchRequest.swift; sourceTree = "<group>"; };
		3CFA1E1C29C5FA5D0024BA3C /* ImageLoadRequest.swift */ = {isa = PBXFileReference; lastKnownFileType = sourcecode.swift; path = ImageLoadRequest.swift; sourceTree = "<group>"; };
		3CFA1E1E29C5FA750024BA3C /* PostDataRequest.swift */ = {isa = PBXFileReference; lastKnownFileType = sourcecode.swift; path = PostDataRequest.swift; sourceTree = "<group>"; };
		3CFA1E2929C601C80024BA3C /* PostLocationUseCase.swift */ = {isa = PBXFileReference; lastKnownFileType = sourcecode.swift; path = PostLocationUseCase.swift; sourceTree = "<group>"; };
/* End PBXFileReference section */

/* Begin PBXFrameworksBuildPhase section */
		3C13A7DA29B9A74300E2FB03 /* Frameworks */ = {
			isa = PBXFrameworksBuildPhase;
			buildActionMask = 2147483647;
			files = (
				3C23C2F829BB25BF00802CEC /* FirebaseFirestore in Frameworks */,
				3C23C2FA29BB25BF00802CEC /* FirebaseFirestoreSwift in Frameworks */,
			);
			runOnlyForDeploymentPostprocessing = 0;
		};
		3C23C2E929BB1E6B00802CEC /* Frameworks */ = {
			isa = PBXFrameworksBuildPhase;
			buildActionMask = 2147483647;
			files = (
			);
			runOnlyForDeploymentPostprocessing = 0;
		};
/* End PBXFrameworksBuildPhase section */

/* Begin PBXGroup section */
		3C13A7D429B9A74300E2FB03 = {
			isa = PBXGroup;
			children = (
				3C13A7DF29B9A74300E2FB03 /* K-Market */,
				3C23C2ED29BB1E6B00802CEC /* K-MarketTests */,
				3C13A7DE29B9A74300E2FB03 /* Products */,
			);
			sourceTree = "<group>";
		};
		3C13A7DE29B9A74300E2FB03 /* Products */ = {
			isa = PBXGroup;
			children = (
				3C13A7DD29B9A74300E2FB03 /* K-Market.app */,
				3C23C2EC29BB1E6B00802CEC /* K-MarketTests.xctest */,
			);
			name = Products;
			sourceTree = "<group>";
		};
		3C13A7DF29B9A74300E2FB03 /* K-Market */ = {
			isa = PBXGroup;
			children = (
				3C13A7F429B9AD7A00E2FB03 /* Resource */,
				3C13A7F529B9AD8E00E2FB03 /* Source */,
			);
			path = "K-Market";
			sourceTree = "<group>";
		};
		3C13A7F429B9AD7A00E2FB03 /* Resource */ = {
			isa = PBXGroup;
			children = (
				3C13A7E929B9A74500E2FB03 /* Assets.xcassets */,
				3C13A7EB29B9A74500E2FB03 /* LaunchScreen.storyboard */,
				3C23C2FB29BB26F500802CEC /* GoogleService-Info.plist */,
				3C13A7EE29B9A74500E2FB03 /* Info.plist */,
			);
			path = Resource;
			sourceTree = "<group>";
		};
		3C13A7F529B9AD8E00E2FB03 /* Source */ = {
			isa = PBXGroup;
			children = (
				3C244F7D29C8206A007FCA2E /* DIContainer */,
				3C244F8429C8456C007FCA2E /* Coordinator */,
				3C13A80829B9CC6500E2FB03 /* Util */,
				3C13A7F629B9AD9800E2FB03 /* Application */,
				3CB7C82029BC2CB5001E7992 /* Present */,
				3C13A7F729B9B15B00E2FB03 /* Domain */,
				3C13A7FE29B9BA8600E2FB03 /* Data */,
			);
			path = Source;
			sourceTree = "<group>";
		};
		3C13A7F629B9AD9800E2FB03 /* Application */ = {
			isa = PBXGroup;
			children = (
				3C13A7E029B9A74300E2FB03 /* AppDelegate.swift */,
				3C13A7E229B9A74300E2FB03 /* SceneDelegate.swift */,
			);
			path = Application;
			sourceTree = "<group>";
		};
		3C13A7F729B9B15B00E2FB03 /* Domain */ = {
			isa = PBXGroup;
			children = (
				3C23C30C29BC1EC300802CEC /* Translator */,
				3C23C30629BC1CD700802CEC /* UseCase */,
				3C23C2DE29BB01FC00802CEC /* RepositoryInterface */,
				3C23C2DD29BB01D000802CEC /* Entity */,
			);
			path = Domain;
			sourceTree = "<group>";
		};
		3C13A7FE29B9BA8600E2FB03 /* Data */ = {
			isa = PBXGroup;
			children = (
				3C23C2DF29BB020D00802CEC /* Repository */,
				3C13A80529B9CB7800E2FB03 /* ProductStorage */,
				3C23C2FD29BB28EF00802CEC /* LocationStorage */,
				3C63BFEF29C951AE00ADCB42 /* ImageTemporaryStorage */,
			);
			path = Data;
			sourceTree = "<group>";
		};
		3C13A80529B9CB7800E2FB03 /* ProductStorage */ = {
			isa = PBXGroup;
			children = (
				3CB7C82629BC4387001E7992 /* Infra */,
				3C13A80629B9CBE200E2FB03 /* NetworkService.swift */,
			);
			path = ProductStorage;
			sourceTree = "<group>";
		};
		3C13A80829B9CC6500E2FB03 /* Util */ = {
			isa = PBXGroup;
			children = (
				3C40159929C2E91A007448A8 /* Type */,
				3CA9B6FB29BCAB1300C3B28D /* Protocol */,
				3C23C2E329BB109100802CEC /* Extension */,
				3C13A80929B9CC7E00E2FB03 /* Error */,
			);
			path = Util;
			sourceTree = "<group>";
		};
		3C13A80929B9CC7E00E2FB03 /* Error */ = {
			isa = PBXGroup;
			children = (
				3C13A80B29B9CC9A00E2FB03 /* NetworkError.swift */,
			);
			path = Error;
			sourceTree = "<group>";
		};
		3C23C2DD29BB01D000802CEC /* Entity */ = {
			isa = PBXGroup;
			children = (
				3C13A7F829B9B1B600E2FB03 /* Product.swift */,
				3C13A7FA29B9B3AB00E2FB03 /* ProductPage.swift */,
				3C13A7FC29B9B6BC00E2FB03 /* LocationData.swift */,
				3CFA1E1129C58E5B0024BA3C /* PostProduct.swift */,
				3CB4B5FB29C69E860012BBB1 /* PostResponse.swift */,
				3C63BFF229C9530000ADCB42 /* WrapperData.swift */,
			);
			path = Entity;
			sourceTree = "<group>";
		};
		3C23C2DE29BB01FC00802CEC /* RepositoryInterface */ = {
			isa = PBXGroup;
			children = (
				3C23C2E029BB027B00802CEC /* ProductRepository.swift */,
				3C23C30029BB2F7A00802CEC /* LocationRepository.swift */,
			);
			path = RepositoryInterface;
			sourceTree = "<group>";
		};
		3C23C2DF29BB020D00802CEC /* Repository */ = {
			isa = PBXGroup;
			children = (
				3C23C2E629BB12C700802CEC /* DefaultProductRepository.swift */,
				3C23C30429BC13E100802CEC /* DefaultLocationRepository.swift */,
			);
			path = Repository;
			sourceTree = "<group>";
		};
		3C23C2E329BB109100802CEC /* Extension */ = {
			isa = PBXGroup;
			children = (
				3CB7C81E29BC2408001E7992 /* Formatter+Extension.swift */,
				3C28EF1729C0B86D00F60F2D /* UILabel+Extension.swift */,
				3C4015A329C41C51007448A8 /* UIStackView+Extension.swift */,
				3CFA1E0829C576B80024BA3C /* UITextField+Extension.swift */,
				3CFA1E1529C5F25B0024BA3C /* UIImage+Extension.swift */,
			);
			path = Extension;
			sourceTree = "<group>";
		};
		3C23C2ED29BB1E6B00802CEC /* K-MarketTests */ = {
			isa = PBXGroup;
			children = (
				3C23C2F529BB225600802CEC /* Data */,
			);
			path = "K-MarketTests";
			sourceTree = "<group>";
		};
		3C23C2F529BB225600802CEC /* Data */ = {
			isa = PBXGroup;
			children = (
				3C23C2EE29BB1E6B00802CEC /* NetworkRepositoryTest.swift */,
			);
			path = Data;
			sourceTree = "<group>";
		};
		3C23C2FD29BB28EF00802CEC /* LocationStorage */ = {
			isa = PBXGroup;
			children = (
				3C23C2FE29BB290700802CEC /* FireBaseService.swift */,
			);
			path = LocationStorage;
			sourceTree = "<group>";
		};
		3C23C30629BC1CD700802CEC /* UseCase */ = {
			isa = PBXGroup;
			children = (
				3CB7C83829BC8E5E001E7992 /* LoadImageUseCase.swift */,
				3C23C30729BC1D1000802CEC /* FetchProductListUseCase.swift */,
				3CA9B6F929BCA22200C3B28D /* FetchLocationUseCase.swift */,
				3C4015AA29C44775007448A8 /* FetchProductDetailUseCase.swift */,
				3CFA1E1329C596650024BA3C /* PostProductUseCase.swift */,
				3CFA1E2929C601C80024BA3C /* PostLocationUseCase.swift */,
				3CB4B60C29C6A9140012BBB1 /* PatchProductUseCase.swift */,
				3CA09F5229C7673600C51452 /* DeleteProductUseCase.swift */,
				3C7DD6DB29C76BF6004E66D1 /* DeleteLocationUseCase.swift */,
			);
			path = UseCase;
			sourceTree = "<group>";
		};
		3C23C30C29BC1EC300802CEC /* Translator */ = {
			isa = PBXGroup;
			children = (
				3C23C30D29BC1EE000802CEC /* DecodeManager.swift */,
			);
			path = Translator;
			sourceTree = "<group>";
		};
		3C244F7D29C8206A007FCA2E /* DIContainer */ = {
			isa = PBXGroup;
			children = (
				3C244F7E29C820A2007FCA2E /* ServiceDIContainer.swift */,
				3C244F8029C820F5007FCA2E /* SceneDIContainer.swift */,
			);
			path = DIContainer;
			sourceTree = "<group>";
		};
		3C244F8429C8456C007FCA2E /* Coordinator */ = {
			isa = PBXGroup;
			children = (
				3C244F8529C8458A007FCA2E /* Coordinator.swift */,
				3C244F8729C845BF007FCA2E /* ListCoordinator.swift */,
				3C244F8929C845D4007FCA2E /* DetailCoordinator.swift */,
				3C244F8B29C845F2007FCA2E /* AddCoordinator.swift */,
				3C244F8D29C84605007FCA2E /* EditCoordinator.swift */,
			);
			path = Coordinator;
			sourceTree = "<group>";
		};
		3C40159929C2E91A007448A8 /* Type */ = {
			isa = PBXGroup;
			children = (
				3C40159A29C2E92C007448A8 /* Observabel.swift */,
			);
			path = Type;
			sourceTree = "<group>";
		};
		3C40159C29C41747007448A8 /* DetailScene */ = {
			isa = PBXGroup;
			children = (
				3C40159F29C4176D007448A8 /* View */,
				3C4015A029C41782007448A8 /* ViewModel */,
			);
			path = DetailScene;
			sourceTree = "<group>";
		};
		3C40159F29C4176D007448A8 /* View */ = {
			isa = PBXGroup;
			children = (
				3C4015A529C43D5C007448A8 /* Cell */,
				3C40159D29C41769007448A8 /* DetailViewController.swift */,
				3C4015AC29C4492F007448A8 /* ProductInfoView.swift */,
			);
			path = View;
			sourceTree = "<group>";
		};
		3C4015A029C41782007448A8 /* ViewModel */ = {
			isa = PBXGroup;
			children = (
				3C4015A129C41794007448A8 /* DetailViewModel.swift */,
			);
			path = ViewModel;
			sourceTree = "<group>";
		};
		3C4015A529C43D5C007448A8 /* Cell */ = {
			isa = PBXGroup;
			children = (
				3C4015A629C43D7A007448A8 /* DetailImageCell.swift */,
			);
			path = Cell;
			sourceTree = "<group>";
		};
		3C4015AE29C4AEF7007448A8 /* AddScene */ = {
			isa = PBXGroup;
			children = (
				3C4015AF29C4AF0B007448A8 /* View */,
				3C4015B029C4AF12007448A8 /* ViewModel */,
			);
			path = AddScene;
			sourceTree = "<group>";
		};
		3C4015AF29C4AF0B007448A8 /* View */ = {
			isa = PBXGroup;
			children = (
				3CFA1E0A29C57F380024BA3C /* Cell */,
				3C4015B129C4AF4B007448A8 /* AddViewController.swift */,
				3CFA1E0629C5667A0024BA3C /* AddView.swift */,
			);
			path = View;
			sourceTree = "<group>";
		};
		3C4015B029C4AF12007448A8 /* ViewModel */ = {
			isa = PBXGroup;
			children = (
				3C4015B329C4AF63007448A8 /* AddViewModel.swift */,
			);
			path = ViewModel;
			sourceTree = "<group>";
		};
		3C63BFEF29C951AE00ADCB42 /* ImageTemporaryStorage */ = {
			isa = PBXGroup;
			children = (
				3C63BFF029C951E800ADCB42 /* CacheService.swift */,
			);
			path = ImageTemporaryStorage;
			sourceTree = "<group>";
		};
		3CA9B6FB29BCAB1300C3B28D /* Protocol */ = {
			isa = PBXGroup;
			children = (
				3CA9B6FC29BCAB2700C3B28D /* UseIdentifiable.swift */,
				3C244F8F29C85B92007FCA2E /* AlertPresentable.swift */,
			);
			path = Protocol;
			sourceTree = "<group>";
		};
		3CB4B5FD29C6A1620012BBB1 /* EditScene */ = {
			isa = PBXGroup;
			children = (
				3CB4B5FF29C6A1720012BBB1 /* View */,
				3CB4B5FE29C6A16A0012BBB1 /* ViewModel */,
			);
			path = EditScene;
			sourceTree = "<group>";
		};
		3CB4B5FE29C6A16A0012BBB1 /* ViewModel */ = {
			isa = PBXGroup;
			children = (
				3CB4B60029C6A1830012BBB1 /* EditViewModel.swift */,
			);
			path = ViewModel;
			sourceTree = "<group>";
		};
		3CB4B5FF29C6A1720012BBB1 /* View */ = {
			isa = PBXGroup;
			children = (
				3CB4B60229C6A18E0012BBB1 /* EditViewController.swift */,
				3CB4B60E29C6AE480012BBB1 /* EditView.swift */,
			);
			path = View;
			sourceTree = "<group>";
		};
		3CB4B60629C6A7A40012BBB1 /* Util */ = {
			isa = PBXGroup;
			children = (
				3CB4B60729C6A7B10012BBB1 /* Extension */,
			);
			path = Util;
			sourceTree = "<group>";
		};
		3CB4B60729C6A7B10012BBB1 /* Extension */ = {
			isa = PBXGroup;
			children = (
				3C23C2E429BB10A300802CEC /* URLComponents+Extension.swift */,
				3CB4B60829C6A7D60012BBB1 /* URLRequest+Extension.swift */,
				3CB4B60A29C6A7E90012BBB1 /* Data+Extension.swift */,
			);
			path = Extension;
			sourceTree = "<group>";
		};
		3CB4B61329C6CCFB0012BBB1 /* CommonScene */ = {
			isa = PBXGroup;
			children = (
				3CB4B61429C6CD1C0012BBB1 /* UploadView.swift */,
			);
			path = CommonScene;
			sourceTree = "<group>";
		};
		3CB7C82029BC2CB5001E7992 /* Present */ = {
			isa = PBXGroup;
			children = (
				3CB4B61329C6CCFB0012BBB1 /* CommonScene */,
				3CB7C82129BC2CCA001E7992 /* MainScene */,
				3C40159C29C41747007448A8 /* DetailScene */,
				3C4015AE29C4AEF7007448A8 /* AddScene */,
				3CB4B5FD29C6A1620012BBB1 /* EditScene */,
			);
			path = Present;
			sourceTree = "<group>";
		};
		3CB7C82129BC2CCA001E7992 /* MainScene */ = {
			isa = PBXGroup;
			children = (
				3CB7C82329BC2CE4001E7992 /* ViewModel */,
				3CB7C82229BC2CDE001E7992 /* View */,
			);
			path = MainScene;
			sourceTree = "<group>";
		};
		3CB7C82229BC2CDE001E7992 /* View */ = {
			isa = PBXGroup;
			children = (
				3CB7C82F29BC889A001E7992 /* Cell */,
				3C13A7E429B9A74300E2FB03 /* ListViewController.swift */,
				3CB7C82D29BC72B3001E7992 /* LocationCollectionViewCell.swift */,
				3C40159729C1AD23007448A8 /* HeaderView.swift */,
			);
			path = View;
			sourceTree = "<group>";
		};
		3CB7C82329BC2CE4001E7992 /* ViewModel */ = {
			isa = PBXGroup;
			children = (
				3CB7C82429BC31F4001E7992 /* ListViewModel.swift */,
				3CB7C83629BC8C57001E7992 /* ProductCellViewModel.swift */,
			);
			path = ViewModel;
			sourceTree = "<group>";
		};
		3CB7C82629BC4387001E7992 /* Infra */ = {
			isa = PBXGroup;
			children = (
				3CB4B60629C6A7A40012BBB1 /* Util */,
				3CFA1E1729C5F9F20024BA3C /* Request */,
				3C13A80129B9C85600E2FB03 /* HTTPMethod.swift */,
			);
			path = Infra;
			sourceTree = "<group>";
		};
		3CB7C82F29BC889A001E7992 /* Cell */ = {
			isa = PBXGroup;
			children = (
				3CB7C83029BC88B6001E7992 /* CollectionCell.swift */,
				3CB7C83229BC8986001E7992 /* ListCollectionViewCell.swift */,
				3CB7C83429BC8993001E7992 /* GridCollectionViewCell.swift */,
			);
			path = Cell;
			sourceTree = "<group>";
		};
		3CFA1E0A29C57F380024BA3C /* Cell */ = {
			isa = PBXGroup;
			children = (
				3CFA1E0B29C57F560024BA3C /* UploadImageCell.swift */,
			);
			path = Cell;
			sourceTree = "<group>";
		};
		3CFA1E1729C5F9F20024BA3C /* Request */ = {
			isa = PBXGroup;
			children = (
				3C13A7FF29B9BAA900E2FB03 /* CustomRequest.swift */,
				3CFA1E1829C5FA060024BA3C /* ListFetchRequest.swift */,
				3CFA1E1A29C5FA3C0024BA3C /* DetailFetchRequest.swift */,
				3CFA1E1C29C5FA5D0024BA3C /* ImageLoadRequest.swift */,
				3CFA1E1E29C5FA750024BA3C /* PostDataRequest.swift */,
				3CB4B60429C6A33B0012BBB1 /* EditPatchRequest.swift */,
				3CA09F4C29C75F4C00C51452 /* DeleteDataRequest.swift */,
				3CA09F4E29C7660400C51452 /* DeleteURIRequest.swift */,
			);
			path = Request;
			sourceTree = "<group>";
		};
/* End PBXGroup section */

/* Begin PBXNativeTarget section */
		3C13A7DC29B9A74300E2FB03 /* K-Market */ = {
			isa = PBXNativeTarget;
			buildConfigurationList = 3C13A7F129B9A74500E2FB03 /* Build configuration list for PBXNativeTarget "K-Market" */;
			buildPhases = (
				3C13A7D929B9A74300E2FB03 /* Sources */,
				3C13A7DA29B9A74300E2FB03 /* Frameworks */,
				3C13A7DB29B9A74300E2FB03 /* Resources */,
			);
			buildRules = (
			);
			dependencies = (
			);
			name = "K-Market";
			packageProductDependencies = (
				3C23C2F729BB25BF00802CEC /* FirebaseFirestore */,
				3C23C2F929BB25BF00802CEC /* FirebaseFirestoreSwift */,
			);
			productName = "K-Market";
			productReference = 3C13A7DD29B9A74300E2FB03 /* K-Market.app */;
			productType = "com.apple.product-type.application";
		};
		3C23C2EB29BB1E6B00802CEC /* K-MarketTests */ = {
			isa = PBXNativeTarget;
			buildConfigurationList = 3C23C2F229BB1E6B00802CEC /* Build configuration list for PBXNativeTarget "K-MarketTests" */;
			buildPhases = (
				3C23C2E829BB1E6B00802CEC /* Sources */,
				3C23C2E929BB1E6B00802CEC /* Frameworks */,
				3C23C2EA29BB1E6B00802CEC /* Resources */,
			);
			buildRules = (
			);
			dependencies = (
				3C23C2F129BB1E6B00802CEC /* PBXTargetDependency */,
			);
			name = "K-MarketTests";
			productName = "K-MarketTests";
			productReference = 3C23C2EC29BB1E6B00802CEC /* K-MarketTests.xctest */;
			productType = "com.apple.product-type.bundle.unit-test";
		};
/* End PBXNativeTarget section */

/* Begin PBXProject section */
		3C13A7D529B9A74300E2FB03 /* Project object */ = {
			isa = PBXProject;
			attributes = {
				BuildIndependentTargetsInParallel = 1;
				LastSwiftUpdateCheck = 1420;
				LastUpgradeCheck = 1420;
				TargetAttributes = {
					3C13A7DC29B9A74300E2FB03 = {
						CreatedOnToolsVersion = 14.2;
					};
					3C23C2EB29BB1E6B00802CEC = {
						CreatedOnToolsVersion = 14.2;
						TestTargetID = 3C13A7DC29B9A74300E2FB03;
					};
				};
			};
			buildConfigurationList = 3C13A7D829B9A74300E2FB03 /* Build configuration list for PBXProject "K-Market" */;
			compatibilityVersion = "Xcode 14.0";
			developmentRegion = en;
			hasScannedForEncodings = 0;
			knownRegions = (
				en,
				Base,
			);
			mainGroup = 3C13A7D429B9A74300E2FB03;
			packageReferences = (
				3C23C2F629BB25BF00802CEC /* XCRemoteSwiftPackageReference "firebase-ios-sdk" */,
			);
			productRefGroup = 3C13A7DE29B9A74300E2FB03 /* Products */;
			projectDirPath = "";
			projectRoot = "";
			targets = (
				3C13A7DC29B9A74300E2FB03 /* K-Market */,
				3C23C2EB29BB1E6B00802CEC /* K-MarketTests */,
			);
		};
/* End PBXProject section */

/* Begin PBXResourcesBuildPhase section */
		3C13A7DB29B9A74300E2FB03 /* Resources */ = {
			isa = PBXResourcesBuildPhase;
			buildActionMask = 2147483647;
			files = (
				3C13A7ED29B9A74500E2FB03 /* LaunchScreen.storyboard in Resources */,
				3C13A7EA29B9A74500E2FB03 /* Assets.xcassets in Resources */,
				3C23C2FC29BB26F600802CEC /* GoogleService-Info.plist in Resources */,
			);
			runOnlyForDeploymentPostprocessing = 0;
		};
		3C23C2EA29BB1E6B00802CEC /* Resources */ = {
			isa = PBXResourcesBuildPhase;
			buildActionMask = 2147483647;
			files = (
			);
			runOnlyForDeploymentPostprocessing = 0;
		};
/* End PBXResourcesBuildPhase section */

/* Begin PBXSourcesBuildPhase section */
		3C13A7D929B9A74300E2FB03 /* Sources */ = {
			isa = PBXSourcesBuildPhase;
			buildActionMask = 2147483647;
			files = (
				3C40159E29C41769007448A8 /* DetailViewController.swift in Sources */,
				3CB4B60B29C6A7E90012BBB1 /* Data+Extension.swift in Sources */,
				3CFA1E1F29C5FA750024BA3C /* PostDataRequest.swift in Sources */,
				3CB7C83129BC88B6001E7992 /* CollectionCell.swift in Sources */,
				3CB7C81F29BC2408001E7992 /* Formatter+Extension.swift in Sources */,
				3CFA1E1229C58E5B0024BA3C /* PostProduct.swift in Sources */,
				3C28EF1829C0B86D00F60F2D /* UILabel+Extension.swift in Sources */,
				3C4015AD29C4492F007448A8 /* ProductInfoView.swift in Sources */,
				3C23C2E129BB027B00802CEC /* ProductRepository.swift in Sources */,
				3CFA1E0C29C57F560024BA3C /* UploadImageCell.swift in Sources */,
				3CB7C82E29BC72B3001E7992 /* LocationCollectionViewCell.swift in Sources */,
				3CB4B61529C6CD1C0012BBB1 /* UploadView.swift in Sources */,
				3CFA1E1629C5F25B0024BA3C /* UIImage+Extension.swift in Sources */,
				3C4015A729C43D7A007448A8 /* DetailImageCell.swift in Sources */,
				3C244F8C29C845F2007FCA2E /* AddCoordinator.swift in Sources */,
				3CB7C82529BC31F4001E7992 /* ListViewModel.swift in Sources */,
				3CA9B6FD29BCAB2700C3B28D /* UseIdentifiable.swift in Sources */,
				3C4015A429C41C51007448A8 /* UIStackView+Extension.swift in Sources */,
				3C4015B229C4AF4B007448A8 /* AddViewController.swift in Sources */,
				3C13A80729B9CBE200E2FB03 /* NetworkService.swift in Sources */,
				3C23C30E29BC1EE000802CEC /* DecodeManager.swift in Sources */,
				3CA9B6FA29BCA22200C3B28D /* FetchLocationUseCase.swift in Sources */,
				3CB4B5FC29C69E860012BBB1 /* PostResponse.swift in Sources */,
				3CB4B60929C6A7D60012BBB1 /* URLRequest+Extension.swift in Sources */,
				3C13A80029B9BAA900E2FB03 /* CustomRequest.swift in Sources */,
				3CFA1E2A29C601C80024BA3C /* PostLocationUseCase.swift in Sources */,
				3C23C2FF29BB290700802CEC /* FireBaseService.swift in Sources */,
				3C23C30129BB2F7A00802CEC /* LocationRepository.swift in Sources */,
				3CB4B60129C6A1830012BBB1 /* EditViewModel.swift in Sources */,
				3C4015B429C4AF63007448A8 /* AddViewModel.swift in Sources */,
				3C244F8A29C845D4007FCA2E /* DetailCoordinator.swift in Sources */,
				3CFA1E1929C5FA060024BA3C /* ListFetchRequest.swift in Sources */,
				3C244F9029C85B92007FCA2E /* AlertPresentable.swift in Sources */,
				3C13A7FD29B9B6BC00E2FB03 /* LocationData.swift in Sources */,
				3C63BFF129C951E800ADCB42 /* CacheService.swift in Sources */,
				3C13A7FB29B9B3AB00E2FB03 /* ProductPage.swift in Sources */,
				3CFA1E1B29C5FA3C0024BA3C /* DetailFetchRequest.swift in Sources */,
				3C13A7E529B9A74300E2FB03 /* ListViewController.swift in Sources */,
				3CB4B60D29C6A9140012BBB1 /* PatchProductUseCase.swift in Sources */,
				3CA09F4F29C7660400C51452 /* DeleteURIRequest.swift in Sources */,
				3C4015A229C41794007448A8 /* DetailViewModel.swift in Sources */,
				3C40159B29C2E92C007448A8 /* Observabel.swift in Sources */,
				3C63BFF329C9530000ADCB42 /* WrapperData.swift in Sources */,
				3C13A80229B9C85600E2FB03 /* HTTPMethod.swift in Sources */,
				3CB4B60529C6A33B0012BBB1 /* EditPatchRequest.swift in Sources */,
				3C23C2E529BB10A300802CEC /* URLComponents+Extension.swift in Sources */,
				3C23C30829BC1D1000802CEC /* FetchProductListUseCase.swift in Sources */,
				3C244F8E29C84605007FCA2E /* EditCoordinator.swift in Sources */,
				3CA09F5329C7673600C51452 /* DeleteProductUseCase.swift in Sources */,
				3C40159829C1AD23007448A8 /* HeaderView.swift in Sources */,
				3C13A7F929B9B1B600E2FB03 /* Product.swift in Sources */,
				3C7DD6DC29C76BF6004E66D1 /* DeleteLocationUseCase.swift in Sources */,
				3CB4B60329C6A18E0012BBB1 /* EditViewController.swift in Sources */,
				3CA09F4D29C75F4C00C51452 /* DeleteDataRequest.swift in Sources */,
				3CB7C83929BC8E5E001E7992 /* LoadImageUseCase.swift in Sources */,
				3CFA1E1429C596650024BA3C /* PostProductUseCase.swift in Sources */,
				3C244F8829C845BF007FCA2E /* ListCoordinator.swift in Sources */,
				3C244F8629C8458A007FCA2E /* Coordinator.swift in Sources */,
				3C13A7E129B9A74300E2FB03 /* AppDelegate.swift in Sources */,
				3CB7C83329BC8986001E7992 /* ListCollectionViewCell.swift in Sources */,
				3C244F7F29C820A2007FCA2E /* ServiceDIContainer.swift in Sources */,
				3CB7C83529BC8993001E7992 /* GridCollectionViewCell.swift in Sources */,
				3CB7C83729BC8C57001E7992 /* ProductCellViewModel.swift in Sources */,
				3C23C30529BC13E100802CEC /* DefaultLocationRepository.swift in Sources */,
				3CFA1E0929C576B80024BA3C /* UITextField+Extension.swift in Sources */,
				3CFA1E0729C5667A0024BA3C /* AddView.swift in Sources */,
				3C23C2E729BB12C700802CEC /* DefaultProductRepository.swift in Sources */,
				3C13A80C29B9CC9A00E2FB03 /* NetworkError.swift in Sources */,
				3CB4B60F29C6AE480012BBB1 /* EditView.swift in Sources */,
				3C13A7E329B9A74300E2FB03 /* SceneDelegate.swift in Sources */,
				3C4015AB29C44775007448A8 /* FetchProductDetailUseCase.swift in Sources */,
				3C244F8129C820F5007FCA2E /* SceneDIContainer.swift in Sources */,
				3CFA1E1D29C5FA5D0024BA3C /* ImageLoadRequest.swift in Sources */,
			);
			runOnlyForDeploymentPostprocessing = 0;
		};
		3C23C2E829BB1E6B00802CEC /* Sources */ = {
			isa = PBXSourcesBuildPhase;
			buildActionMask = 2147483647;
			files = (
				3C23C2EF29BB1E6B00802CEC /* NetworkRepositoryTest.swift in Sources */,
			);
			runOnlyForDeploymentPostprocessing = 0;
		};
/* End PBXSourcesBuildPhase section */

/* Begin PBXTargetDependency section */
		3C23C2F129BB1E6B00802CEC /* PBXTargetDependency */ = {
			isa = PBXTargetDependency;
			target = 3C13A7DC29B9A74300E2FB03 /* K-Market */;
			targetProxy = 3C23C2F029BB1E6B00802CEC /* PBXContainerItemProxy */;
		};
/* End PBXTargetDependency section */

/* Begin PBXVariantGroup section */
		3C13A7EB29B9A74500E2FB03 /* LaunchScreen.storyboard */ = {
			isa = PBXVariantGroup;
			children = (
				3C13A7EC29B9A74500E2FB03 /* Base */,
			);
			name = LaunchScreen.storyboard;
			sourceTree = "<group>";
		};
/* End PBXVariantGroup section */

/* Begin XCBuildConfiguration section */
		3C13A7EF29B9A74500E2FB03 /* Debug */ = {
			isa = XCBuildConfiguration;
			buildSettings = {
				ALWAYS_SEARCH_USER_PATHS = NO;
				CLANG_ANALYZER_NONNULL = YES;
				CLANG_ANALYZER_NUMBER_OBJECT_CONVERSION = YES_AGGRESSIVE;
				CLANG_CXX_LANGUAGE_STANDARD = "gnu++20";
				CLANG_ENABLE_MODULES = YES;
				CLANG_ENABLE_OBJC_ARC = YES;
				CLANG_ENABLE_OBJC_WEAK = YES;
				CLANG_WARN_BLOCK_CAPTURE_AUTORELEASING = YES;
				CLANG_WARN_BOOL_CONVERSION = YES;
				CLANG_WARN_COMMA = YES;
				CLANG_WARN_CONSTANT_CONVERSION = YES;
				CLANG_WARN_DEPRECATED_OBJC_IMPLEMENTATIONS = YES;
				CLANG_WARN_DIRECT_OBJC_ISA_USAGE = YES_ERROR;
				CLANG_WARN_DOCUMENTATION_COMMENTS = YES;
				CLANG_WARN_EMPTY_BODY = YES;
				CLANG_WARN_ENUM_CONVERSION = YES;
				CLANG_WARN_INFINITE_RECURSION = YES;
				CLANG_WARN_INT_CONVERSION = YES;
				CLANG_WARN_NON_LITERAL_NULL_CONVERSION = YES;
				CLANG_WARN_OBJC_IMPLICIT_RETAIN_SELF = YES;
				CLANG_WARN_OBJC_LITERAL_CONVERSION = YES;
				CLANG_WARN_OBJC_ROOT_CLASS = YES_ERROR;
				CLANG_WARN_QUOTED_INCLUDE_IN_FRAMEWORK_HEADER = YES;
				CLANG_WARN_RANGE_LOOP_ANALYSIS = YES;
				CLANG_WARN_STRICT_PROTOTYPES = YES;
				CLANG_WARN_SUSPICIOUS_MOVE = YES;
				CLANG_WARN_UNGUARDED_AVAILABILITY = YES_AGGRESSIVE;
				CLANG_WARN_UNREACHABLE_CODE = YES;
				CLANG_WARN__DUPLICATE_METHOD_MATCH = YES;
				COPY_PHASE_STRIP = NO;
				DEBUG_INFORMATION_FORMAT = dwarf;
				ENABLE_STRICT_OBJC_MSGSEND = YES;
				ENABLE_TESTABILITY = YES;
				GCC_C_LANGUAGE_STANDARD = gnu11;
				GCC_DYNAMIC_NO_PIC = NO;
				GCC_NO_COMMON_BLOCKS = YES;
				GCC_OPTIMIZATION_LEVEL = 0;
				GCC_PREPROCESSOR_DEFINITIONS = (
					"DEBUG=1",
					"$(inherited)",
				);
				GCC_WARN_64_TO_32_BIT_CONVERSION = YES;
				GCC_WARN_ABOUT_RETURN_TYPE = YES_ERROR;
				GCC_WARN_UNDECLARED_SELECTOR = YES;
				GCC_WARN_UNINITIALIZED_AUTOS = YES_AGGRESSIVE;
				GCC_WARN_UNUSED_FUNCTION = YES;
				GCC_WARN_UNUSED_VARIABLE = YES;
				IPHONEOS_DEPLOYMENT_TARGET = 14.0;
				MTL_ENABLE_DEBUG_INFO = INCLUDE_SOURCE;
				MTL_FAST_MATH = YES;
				ONLY_ACTIVE_ARCH = YES;
				SDKROOT = iphoneos;
				SWIFT_ACTIVE_COMPILATION_CONDITIONS = DEBUG;
				SWIFT_OPTIMIZATION_LEVEL = "-Onone";
			};
			name = Debug;
		};
		3C13A7F029B9A74500E2FB03 /* Release */ = {
			isa = XCBuildConfiguration;
			buildSettings = {
				ALWAYS_SEARCH_USER_PATHS = NO;
				CLANG_ANALYZER_NONNULL = YES;
				CLANG_ANALYZER_NUMBER_OBJECT_CONVERSION = YES_AGGRESSIVE;
				CLANG_CXX_LANGUAGE_STANDARD = "gnu++20";
				CLANG_ENABLE_MODULES = YES;
				CLANG_ENABLE_OBJC_ARC = YES;
				CLANG_ENABLE_OBJC_WEAK = YES;
				CLANG_WARN_BLOCK_CAPTURE_AUTORELEASING = YES;
				CLANG_WARN_BOOL_CONVERSION = YES;
				CLANG_WARN_COMMA = YES;
				CLANG_WARN_CONSTANT_CONVERSION = YES;
				CLANG_WARN_DEPRECATED_OBJC_IMPLEMENTATIONS = YES;
				CLANG_WARN_DIRECT_OBJC_ISA_USAGE = YES_ERROR;
				CLANG_WARN_DOCUMENTATION_COMMENTS = YES;
				CLANG_WARN_EMPTY_BODY = YES;
				CLANG_WARN_ENUM_CONVERSION = YES;
				CLANG_WARN_INFINITE_RECURSION = YES;
				CLANG_WARN_INT_CONVERSION = YES;
				CLANG_WARN_NON_LITERAL_NULL_CONVERSION = YES;
				CLANG_WARN_OBJC_IMPLICIT_RETAIN_SELF = YES;
				CLANG_WARN_OBJC_LITERAL_CONVERSION = YES;
				CLANG_WARN_OBJC_ROOT_CLASS = YES_ERROR;
				CLANG_WARN_QUOTED_INCLUDE_IN_FRAMEWORK_HEADER = YES;
				CLANG_WARN_RANGE_LOOP_ANALYSIS = YES;
				CLANG_WARN_STRICT_PROTOTYPES = YES;
				CLANG_WARN_SUSPICIOUS_MOVE = YES;
				CLANG_WARN_UNGUARDED_AVAILABILITY = YES_AGGRESSIVE;
				CLANG_WARN_UNREACHABLE_CODE = YES;
				CLANG_WARN__DUPLICATE_METHOD_MATCH = YES;
				COPY_PHASE_STRIP = NO;
				DEBUG_INFORMATION_FORMAT = "dwarf-with-dsym";
				ENABLE_NS_ASSERTIONS = NO;
				ENABLE_STRICT_OBJC_MSGSEND = YES;
				GCC_C_LANGUAGE_STANDARD = gnu11;
				GCC_NO_COMMON_BLOCKS = YES;
				GCC_WARN_64_TO_32_BIT_CONVERSION = YES;
				GCC_WARN_ABOUT_RETURN_TYPE = YES_ERROR;
				GCC_WARN_UNDECLARED_SELECTOR = YES;
				GCC_WARN_UNINITIALIZED_AUTOS = YES_AGGRESSIVE;
				GCC_WARN_UNUSED_FUNCTION = YES;
				GCC_WARN_UNUSED_VARIABLE = YES;
				IPHONEOS_DEPLOYMENT_TARGET = 14.0;
				MTL_ENABLE_DEBUG_INFO = NO;
				MTL_FAST_MATH = YES;
				SDKROOT = iphoneos;
				SWIFT_COMPILATION_MODE = wholemodule;
				SWIFT_OPTIMIZATION_LEVEL = "-O";
				VALIDATE_PRODUCT = YES;
			};
			name = Release;
		};
		3C13A7F229B9A74500E2FB03 /* Debug */ = {
			isa = XCBuildConfiguration;
			buildSettings = {
				ASSETCATALOG_COMPILER_APPICON_NAME = AppIcon;
				ASSETCATALOG_COMPILER_GLOBAL_ACCENT_COLOR_NAME = AccentColor;
				CODE_SIGN_STYLE = Automatic;
				CURRENT_PROJECT_VERSION = 1;
				GENERATE_INFOPLIST_FILE = YES;
				INFOPLIST_FILE = "K-Market/Resource/Info.plist";
				INFOPLIST_KEY_UIApplicationSupportsIndirectInputEvents = YES;
				INFOPLIST_KEY_UILaunchStoryboardName = LaunchScreen;
				INFOPLIST_KEY_UIMainStoryboardFile = "";
				INFOPLIST_KEY_UISupportedInterfaceOrientations_iPad = "UIInterfaceOrientationPortrait UIInterfaceOrientationPortraitUpsideDown UIInterfaceOrientationLandscapeLeft UIInterfaceOrientationLandscapeRight";
				INFOPLIST_KEY_UISupportedInterfaceOrientations_iPhone = "UIInterfaceOrientationPortrait UIInterfaceOrientationLandscapeLeft UIInterfaceOrientationLandscapeRight";
				IPHONEOS_DEPLOYMENT_TARGET = 14.0;
				LD_RUNPATH_SEARCH_PATHS = (
					"$(inherited)",
					"@executable_path/Frameworks",
				);
				MARKETING_VERSION = 1.0;
				PRODUCT_BUNDLE_IDENTIFIER = "com.PakHyo.K-Market";
				PRODUCT_NAME = "$(TARGET_NAME)";
				SWIFT_EMIT_LOC_STRINGS = YES;
				SWIFT_VERSION = 5.0;
				TARGETED_DEVICE_FAMILY = "1,2";
			};
			name = Debug;
		};
		3C13A7F329B9A74500E2FB03 /* Release */ = {
			isa = XCBuildConfiguration;
			buildSettings = {
				ASSETCATALOG_COMPILER_APPICON_NAME = AppIcon;
				ASSETCATALOG_COMPILER_GLOBAL_ACCENT_COLOR_NAME = AccentColor;
				CODE_SIGN_STYLE = Automatic;
				CURRENT_PROJECT_VERSION = 1;
				GENERATE_INFOPLIST_FILE = YES;
				INFOPLIST_FILE = "K-Market/Resource/Info.plist";
				INFOPLIST_KEY_UIApplicationSupportsIndirectInputEvents = YES;
				INFOPLIST_KEY_UILaunchStoryboardName = LaunchScreen;
				INFOPLIST_KEY_UIMainStoryboardFile = "";
				INFOPLIST_KEY_UISupportedInterfaceOrientations_iPad = "UIInterfaceOrientationPortrait UIInterfaceOrientationPortraitUpsideDown UIInterfaceOrientationLandscapeLeft UIInterfaceOrientationLandscapeRight";
				INFOPLIST_KEY_UISupportedInterfaceOrientations_iPhone = "UIInterfaceOrientationPortrait UIInterfaceOrientationLandscapeLeft UIInterfaceOrientationLandscapeRight";
				IPHONEOS_DEPLOYMENT_TARGET = 14.0;
				LD_RUNPATH_SEARCH_PATHS = (
					"$(inherited)",
					"@executable_path/Frameworks",
				);
				MARKETING_VERSION = 1.0;
				PRODUCT_BUNDLE_IDENTIFIER = "com.PakHyo.K-Market";
				PRODUCT_NAME = "$(TARGET_NAME)";
				SWIFT_EMIT_LOC_STRINGS = YES;
				SWIFT_VERSION = 5.0;
				TARGETED_DEVICE_FAMILY = "1,2";
			};
			name = Release;
		};
		3C23C2F329BB1E6B00802CEC /* Debug */ = {
			isa = XCBuildConfiguration;
			buildSettings = {
				BUNDLE_LOADER = "$(TEST_HOST)";
				CODE_SIGN_STYLE = Automatic;
				CURRENT_PROJECT_VERSION = 1;
				GENERATE_INFOPLIST_FILE = YES;
				IPHONEOS_DEPLOYMENT_TARGET = 16.2;
				MACOSX_DEPLOYMENT_TARGET = 13.1;
				MARKETING_VERSION = 1.0;
				PRODUCT_BUNDLE_IDENTIFIER = "com.PakHyo.K-MarketTests";
				PRODUCT_NAME = "$(TARGET_NAME)";
				SDKROOT = auto;
				SUPPORTED_PLATFORMS = "iphoneos iphonesimulator macosx";
				SWIFT_EMIT_LOC_STRINGS = NO;
				SWIFT_VERSION = 5.0;
				TARGETED_DEVICE_FAMILY = "1,2";
				TEST_HOST = "$(BUILT_PRODUCTS_DIR)/K-Market.app/$(BUNDLE_EXECUTABLE_FOLDER_PATH)/K-Market";
			};
			name = Debug;
		};
		3C23C2F429BB1E6B00802CEC /* Release */ = {
			isa = XCBuildConfiguration;
			buildSettings = {
				BUNDLE_LOADER = "$(TEST_HOST)";
				CODE_SIGN_STYLE = Automatic;
				CURRENT_PROJECT_VERSION = 1;
				GENERATE_INFOPLIST_FILE = YES;
				IPHONEOS_DEPLOYMENT_TARGET = 16.2;
				MACOSX_DEPLOYMENT_TARGET = 13.1;
				MARKETING_VERSION = 1.0;
				PRODUCT_BUNDLE_IDENTIFIER = "com.PakHyo.K-MarketTests";
				PRODUCT_NAME = "$(TARGET_NAME)";
				SDKROOT = auto;
				SUPPORTED_PLATFORMS = "iphoneos iphonesimulator macosx";
				SWIFT_EMIT_LOC_STRINGS = NO;
				SWIFT_VERSION = 5.0;
				TARGETED_DEVICE_FAMILY = "1,2";
				TEST_HOST = "$(BUILT_PRODUCTS_DIR)/K-Market.app/$(BUNDLE_EXECUTABLE_FOLDER_PATH)/K-Market";
			};
			name = Release;
		};
/* End XCBuildConfiguration section */

/* Begin XCConfigurationList section */
		3C13A7D829B9A74300E2FB03 /* Build configuration list for PBXProject "K-Market" */ = {
			isa = XCConfigurationList;
			buildConfigurations = (
				3C13A7EF29B9A74500E2FB03 /* Debug */,
				3C13A7F029B9A74500E2FB03 /* Release */,
			);
			defaultConfigurationIsVisible = 0;
			defaultConfigurationName = Release;
		};
		3C13A7F129B9A74500E2FB03 /* Build configuration list for PBXNativeTarget "K-Market" */ = {
			isa = XCConfigurationList;
			buildConfigurations = (
				3C13A7F229B9A74500E2FB03 /* Debug */,
				3C13A7F329B9A74500E2FB03 /* Release */,
			);
			defaultConfigurationIsVisible = 0;
			defaultConfigurationName = Release;
		};
		3C23C2F229BB1E6B00802CEC /* Build configuration list for PBXNativeTarget "K-MarketTests" */ = {
			isa = XCConfigurationList;
			buildConfigurations = (
				3C23C2F329BB1E6B00802CEC /* Debug */,
				3C23C2F429BB1E6B00802CEC /* Release */,
			);
			defaultConfigurationIsVisible = 0;
			defaultConfigurationName = Release;
		};
/* End XCConfigurationList section */

/* Begin XCRemoteSwiftPackageReference section */
		3C23C2F629BB25BF00802CEC /* XCRemoteSwiftPackageReference "firebase-ios-sdk" */ = {
			isa = XCRemoteSwiftPackageReference;
			repositoryURL = "https://github.com/firebase/firebase-ios-sdk";
			requirement = {
				kind = upToNextMajorVersion;
				minimumVersion = 10.3.0;
			};
		};
/* End XCRemoteSwiftPackageReference section */

/* Begin XCSwiftPackageProductDependency section */
		3C23C2F729BB25BF00802CEC /* FirebaseFirestore */ = {
			isa = XCSwiftPackageProductDependency;
			package = 3C23C2F629BB25BF00802CEC /* XCRemoteSwiftPackageReference "firebase-ios-sdk" */;
			productName = FirebaseFirestore;
		};
		3C23C2F929BB25BF00802CEC /* FirebaseFirestoreSwift */ = {
			isa = XCSwiftPackageProductDependency;
			package = 3C23C2F629BB25BF00802CEC /* XCRemoteSwiftPackageReference "firebase-ios-sdk" */;
			productName = FirebaseFirestoreSwift;
		};
/* End XCSwiftPackageProductDependency section */
	};
	rootObject = 3C13A7D529B9A74300E2FB03 /* Project object */;
}
