// !$*UTF8*$!
{
	archiveVersion = 1;
	classes = {
	};
	objectVersion = 56;
	objects = {

/* Begin PBXBuildFile section */
		3C13A7E129B9A74300E2FB03 /* AppDelegate.swift in Sources */ = {isa = PBXBuildFile; fileRef = 3C13A7E029B9A74300E2FB03 /* AppDelegate.swift */; };
		3C13A7E329B9A74300E2FB03 /* SceneDelegate.swift in Sources */ = {isa = PBXBuildFile; fileRef = 3C13A7E229B9A74300E2FB03 /* SceneDelegate.swift */; };
		3C13A7E529B9A74300E2FB03 /* ViewController.swift in Sources */ = {isa = PBXBuildFile; fileRef = 3C13A7E429B9A74300E2FB03 /* ViewController.swift */; };
		3C13A7EA29B9A74500E2FB03 /* Assets.xcassets in Resources */ = {isa = PBXBuildFile; fileRef = 3C13A7E929B9A74500E2FB03 /* Assets.xcassets */; };
		3C13A7ED29B9A74500E2FB03 /* LaunchScreen.storyboard in Resources */ = {isa = PBXBuildFile; fileRef = 3C13A7EB29B9A74500E2FB03 /* LaunchScreen.storyboard */; };
		3C13A7F929B9B1B600E2FB03 /* Product.swift in Sources */ = {isa = PBXBuildFile; fileRef = 3C13A7F829B9B1B600E2FB03 /* Product.swift */; };
		3C13A7FB29B9B3AB00E2FB03 /* ProductPage.swift in Sources */ = {isa = PBXBuildFile; fileRef = 3C13A7FA29B9B3AB00E2FB03 /* ProductPage.swift */; };
		3C13A7FD29B9B6BC00E2FB03 /* LocationData.swift in Sources */ = {isa = PBXBuildFile; fileRef = 3C13A7FC29B9B6BC00E2FB03 /* LocationData.swift */; };
		3C13A80029B9BAA900E2FB03 /* NetworkRequest.swift in Sources */ = {isa = PBXBuildFile; fileRef = 3C13A7FF29B9BAA900E2FB03 /* NetworkRequest.swift */; };
		3C13A80229B9C85600E2FB03 /* HTTPMethod.swift in Sources */ = {isa = PBXBuildFile; fileRef = 3C13A80129B9C85600E2FB03 /* HTTPMethod.swift */; };
		3C13A80429B9CAE800E2FB03 /* RequestByUseCase.swift in Sources */ = {isa = PBXBuildFile; fileRef = 3C13A80329B9CAE800E2FB03 /* RequestByUseCase.swift */; };
		3C13A80729B9CBE200E2FB03 /* NetworkService.swift in Sources */ = {isa = PBXBuildFile; fileRef = 3C13A80629B9CBE200E2FB03 /* NetworkService.swift */; };
		3C13A80C29B9CC9A00E2FB03 /* NetworkError.swift in Sources */ = {isa = PBXBuildFile; fileRef = 3C13A80B29B9CC9A00E2FB03 /* NetworkError.swift */; };
/* End PBXBuildFile section */

/* Begin PBXFileReference section */
		3C13A7DD29B9A74300E2FB03 /* K-Market.app */ = {isa = PBXFileReference; explicitFileType = wrapper.application; includeInIndex = 0; path = "K-Market.app"; sourceTree = BUILT_PRODUCTS_DIR; };
		3C13A7E029B9A74300E2FB03 /* AppDelegate.swift */ = {isa = PBXFileReference; lastKnownFileType = sourcecode.swift; path = AppDelegate.swift; sourceTree = "<group>"; };
		3C13A7E229B9A74300E2FB03 /* SceneDelegate.swift */ = {isa = PBXFileReference; lastKnownFileType = sourcecode.swift; path = SceneDelegate.swift; sourceTree = "<group>"; };
		3C13A7E429B9A74300E2FB03 /* ViewController.swift */ = {isa = PBXFileReference; lastKnownFileType = sourcecode.swift; path = ViewController.swift; sourceTree = "<group>"; };
		3C13A7E929B9A74500E2FB03 /* Assets.xcassets */ = {isa = PBXFileReference; lastKnownFileType = folder.assetcatalog; path = Assets.xcassets; sourceTree = "<group>"; };
		3C13A7EC29B9A74500E2FB03 /* Base */ = {isa = PBXFileReference; lastKnownFileType = file.storyboard; name = Base; path = Base.lproj/LaunchScreen.storyboard; sourceTree = "<group>"; };
		3C13A7EE29B9A74500E2FB03 /* Info.plist */ = {isa = PBXFileReference; lastKnownFileType = text.plist.xml; path = Info.plist; sourceTree = "<group>"; };
		3C13A7F829B9B1B600E2FB03 /* Product.swift */ = {isa = PBXFileReference; lastKnownFileType = sourcecode.swift; path = Product.swift; sourceTree = "<group>"; };
		3C13A7FA29B9B3AB00E2FB03 /* ProductPage.swift */ = {isa = PBXFileReference; lastKnownFileType = sourcecode.swift; path = ProductPage.swift; sourceTree = "<group>"; };
		3C13A7FC29B9B6BC00E2FB03 /* LocationData.swift */ = {isa = PBXFileReference; lastKnownFileType = sourcecode.swift; path = LocationData.swift; sourceTree = "<group>"; };
		3C13A7FF29B9BAA900E2FB03 /* NetworkRequest.swift */ = {isa = PBXFileReference; lastKnownFileType = sourcecode.swift; path = NetworkRequest.swift; sourceTree = "<group>"; };
		3C13A80129B9C85600E2FB03 /* HTTPMethod.swift */ = {isa = PBXFileReference; lastKnownFileType = sourcecode.swift; path = HTTPMethod.swift; sourceTree = "<group>"; };
		3C13A80329B9CAE800E2FB03 /* RequestByUseCase.swift */ = {isa = PBXFileReference; lastKnownFileType = sourcecode.swift; path = RequestByUseCase.swift; sourceTree = "<group>"; };
		3C13A80629B9CBE200E2FB03 /* NetworkService.swift */ = {isa = PBXFileReference; lastKnownFileType = sourcecode.swift; path = NetworkService.swift; sourceTree = "<group>"; };
		3C13A80B29B9CC9A00E2FB03 /* NetworkError.swift */ = {isa = PBXFileReference; lastKnownFileType = sourcecode.swift; path = NetworkError.swift; sourceTree = "<group>"; };
/* End PBXFileReference section */

/* Begin PBXFrameworksBuildPhase section */
		3C13A7DA29B9A74300E2FB03 /* Frameworks */ = {
			isa = PBXFrameworksBuildPhase;
			buildActionMask = 2147483647;
			files = (
			);
			runOnlyForDeploymentPostprocessing = 0;
		};
/* End PBXFrameworksBuildPhase section */

/* Begin PBXGroup section */
		3C13A7D429B9A74300E2FB03 = {
			isa = PBXGroup;
			children = (
				3C13A7DF29B9A74300E2FB03 /* K-Market */,
				3C13A7DE29B9A74300E2FB03 /* Products */,
			);
			sourceTree = "<group>";
		};
		3C13A7DE29B9A74300E2FB03 /* Products */ = {
			isa = PBXGroup;
			children = (
				3C13A7DD29B9A74300E2FB03 /* K-Market.app */,
			);
			name = Products;
			sourceTree = "<group>";
		};
		3C13A7DF29B9A74300E2FB03 /* K-Market */ = {
			isa = PBXGroup;
			children = (
				3C13A7F429B9AD7A00E2FB03 /* Resource */,
				3C13A7F529B9AD8E00E2FB03 /* Source */,
			);
			path = "K-Market";
			sourceTree = "<group>";
		};
		3C13A7F429B9AD7A00E2FB03 /* Resource */ = {
			isa = PBXGroup;
			children = (
				3C13A7E929B9A74500E2FB03 /* Assets.xcassets */,
				3C13A7EB29B9A74500E2FB03 /* LaunchScreen.storyboard */,
				3C13A7EE29B9A74500E2FB03 /* Info.plist */,
			);
			path = Resource;
			sourceTree = "<group>";
		};
		3C13A7F529B9AD8E00E2FB03 /* Source */ = {
			isa = PBXGroup;
			children = (
				3C13A80829B9CC6500E2FB03 /* Util */,
				3C13A7F629B9AD9800E2FB03 /* Application */,
				3C13A7E429B9A74300E2FB03 /* ViewController.swift */,
				3C13A7F729B9B15B00E2FB03 /* Domain */,
				3C13A7FE29B9BA8600E2FB03 /* Data */,
			);
			path = Source;
			sourceTree = "<group>";
		};
		3C13A7F629B9AD9800E2FB03 /* Application */ = {
			isa = PBXGroup;
			children = (
				3C13A7E029B9A74300E2FB03 /* AppDelegate.swift */,
				3C13A7E229B9A74300E2FB03 /* SceneDelegate.swift */,
			);
			path = Application;
			sourceTree = "<group>";
		};
		3C13A7F729B9B15B00E2FB03 /* Domain */ = {
			isa = PBXGroup;
			children = (
				3C23C2DD29BB01D000802CEC /* Entity */,
			);
			path = Domain;
			sourceTree = "<group>";
		};
		3C13A7FE29B9BA8600E2FB03 /* Data */ = {
			isa = PBXGroup;
			children = (
				3C13A80529B9CB7800E2FB03 /* Network */,
			);
			path = Data;
			sourceTree = "<group>";
		};
		3C13A80529B9CB7800E2FB03 /* Network */ = {
			isa = PBXGroup;
			children = (
				3C13A7FF29B9BAA900E2FB03 /* NetworkRequest.swift */,
				3C13A80129B9C85600E2FB03 /* HTTPMethod.swift */,
				3C13A80329B9CAE800E2FB03 /* RequestByUseCase.swift */,
				3C13A80629B9CBE200E2FB03 /* NetworkService.swift */,
			);
			path = Network;
			sourceTree = "<group>";
		};
		3C13A80829B9CC6500E2FB03 /* Util */ = {
			isa = PBXGroup;
			children = (
				3C13A80929B9CC7E00E2FB03 /* Error */,
			);
			path = Util;
			sourceTree = "<group>";
		};
		3C13A80929B9CC7E00E2FB03 /* Error */ = {
			isa = PBXGroup;
			children = (
				3C13A80B29B9CC9A00E2FB03 /* NetworkError.swift */,
			);
			path = Error;
			sourceTree = "<group>";
		};
		3C23C2DD29BB01D000802CEC /* Entity */ = {
			isa = PBXGroup;
			children = (
				3C13A7F829B9B1B600E2FB03 /* Product.swift */,
				3C13A7FA29B9B3AB00E2FB03 /* ProductPage.swift */,
				3C13A7FC29B9B6BC00E2FB03 /* LocationData.swift */,
			);
			path = Entity;
			sourceTree = "<group>";
		};
/* End PBXGroup section */

/* Begin PBXNativeTarget section */
		3C13A7DC29B9A74300E2FB03 /* K-Market */ = {
			isa = PBXNativeTarget;
			buildConfigurationList = 3C13A7F129B9A74500E2FB03 /* Build configuration list for PBXNativeTarget "K-Market" */;
			buildPhases = (
				3C13A7D929B9A74300E2FB03 /* Sources */,
				3C13A7DA29B9A74300E2FB03 /* Frameworks */,
				3C13A7DB29B9A74300E2FB03 /* Resources */,
			);
			buildRules = (
			);
			dependencies = (
			);
			name = "K-Market";
			productName = "K-Market";
			productReference = 3C13A7DD29B9A74300E2FB03 /* K-Market.app */;
			productType = "com.apple.product-type.application";
		};
/* End PBXNativeTarget section */

/* Begin PBXProject section */
		3C13A7D529B9A74300E2FB03 /* Project object */ = {
			isa = PBXProject;
			attributes = {
				BuildIndependentTargetsInParallel = 1;
				LastSwiftUpdateCheck = 1420;
				LastUpgradeCheck = 1420;
				TargetAttributes = {
					3C13A7DC29B9A74300E2FB03 = {
						CreatedOnToolsVersion = 14.2;
					};
				};
			};
			buildConfigurationList = 3C13A7D829B9A74300E2FB03 /* Build configuration list for PBXProject "K-Market" */;
			compatibilityVersion = "Xcode 14.0";
			developmentRegion = en;
			hasScannedForEncodings = 0;
			knownRegions = (
				en,
				Base,
			);
			mainGroup = 3C13A7D429B9A74300E2FB03;
			productRefGroup = 3C13A7DE29B9A74300E2FB03 /* Products */;
			projectDirPath = "";
			projectRoot = "";
			targets = (
				3C13A7DC29B9A74300E2FB03 /* K-Market */,
			);
		};
/* End PBXProject section */

/* Begin PBXResourcesBuildPhase section */
		3C13A7DB29B9A74300E2FB03 /* Resources */ = {
			isa = PBXResourcesBuildPhase;
			buildActionMask = 2147483647;
			files = (
				3C13A7ED29B9A74500E2FB03 /* LaunchScreen.storyboard in Resources */,
				3C13A7EA29B9A74500E2FB03 /* Assets.xcassets in Resources */,
			);
			runOnlyForDeploymentPostprocessing = 0;
		};
/* End PBXResourcesBuildPhase section */

/* Begin PBXSourcesBuildPhase section */
		3C13A7D929B9A74300E2FB03 /* Sources */ = {
			isa = PBXSourcesBuildPhase;
			buildActionMask = 2147483647;
			files = (
				3C13A80729B9CBE200E2FB03 /* NetworkService.swift in Sources */,
				3C13A80029B9BAA900E2FB03 /* NetworkRequest.swift in Sources */,
				3C13A7FD29B9B6BC00E2FB03 /* LocationData.swift in Sources */,
				3C13A7FB29B9B3AB00E2FB03 /* ProductPage.swift in Sources */,
				3C13A7E529B9A74300E2FB03 /* ViewController.swift in Sources */,
				3C13A80229B9C85600E2FB03 /* HTTPMethod.swift in Sources */,
				3C13A7F929B9B1B600E2FB03 /* Product.swift in Sources */,
				3C13A7E129B9A74300E2FB03 /* AppDelegate.swift in Sources */,
				3C13A80429B9CAE800E2FB03 /* RequestByUseCase.swift in Sources */,
				3C13A80C29B9CC9A00E2FB03 /* NetworkError.swift in Sources */,
				3C13A7E329B9A74300E2FB03 /* SceneDelegate.swift in Sources */,
			);
			runOnlyForDeploymentPostprocessing = 0;
		};
/* End PBXSourcesBuildPhase section */

/* Begin PBXVariantGroup section */
		3C13A7EB29B9A74500E2FB03 /* LaunchScreen.storyboard */ = {
			isa = PBXVariantGroup;
			children = (
				3C13A7EC29B9A74500E2FB03 /* Base */,
			);
			name = LaunchScreen.storyboard;
			sourceTree = "<group>";
		};
/* End PBXVariantGroup section */

/* Begin XCBuildConfiguration section */
		3C13A7EF29B9A74500E2FB03 /* Debug */ = {
			isa = XCBuildConfiguration;
			buildSettings = {
				ALWAYS_SEARCH_USER_PATHS = NO;
				CLANG_ANALYZER_NONNULL = YES;
				CLANG_ANALYZER_NUMBER_OBJECT_CONVERSION = YES_AGGRESSIVE;
				CLANG_CXX_LANGUAGE_STANDARD = "gnu++20";
				CLANG_ENABLE_MODULES = YES;
				CLANG_ENABLE_OBJC_ARC = YES;
				CLANG_ENABLE_OBJC_WEAK = YES;
				CLANG_WARN_BLOCK_CAPTURE_AUTORELEASING = YES;
				CLANG_WARN_BOOL_CONVERSION = YES;
				CLANG_WARN_COMMA = YES;
				CLANG_WARN_CONSTANT_CONVERSION = YES;
				CLANG_WARN_DEPRECATED_OBJC_IMPLEMENTATIONS = YES;
				CLANG_WARN_DIRECT_OBJC_ISA_USAGE = YES_ERROR;
				CLANG_WARN_DOCUMENTATION_COMMENTS = YES;
				CLANG_WARN_EMPTY_BODY = YES;
				CLANG_WARN_ENUM_CONVERSION = YES;
				CLANG_WARN_INFINITE_RECURSION = YES;
				CLANG_WARN_INT_CONVERSION = YES;
				CLANG_WARN_NON_LITERAL_NULL_CONVERSION = YES;
				CLANG_WARN_OBJC_IMPLICIT_RETAIN_SELF = YES;
				CLANG_WARN_OBJC_LITERAL_CONVERSION = YES;
				CLANG_WARN_OBJC_ROOT_CLASS = YES_ERROR;
				CLANG_WARN_QUOTED_INCLUDE_IN_FRAMEWORK_HEADER = YES;
				CLANG_WARN_RANGE_LOOP_ANALYSIS = YES;
				CLANG_WARN_STRICT_PROTOTYPES = YES;
				CLANG_WARN_SUSPICIOUS_MOVE = YES;
				CLANG_WARN_UNGUARDED_AVAILABILITY = YES_AGGRESSIVE;
				CLANG_WARN_UNREACHABLE_CODE = YES;
				CLANG_WARN__DUPLICATE_METHOD_MATCH = YES;
				COPY_PHASE_STRIP = NO;
				DEBUG_INFORMATION_FORMAT = dwarf;
				ENABLE_STRICT_OBJC_MSGSEND = YES;
				ENABLE_TESTABILITY = YES;
				GCC_C_LANGUAGE_STANDARD = gnu11;
				GCC_DYNAMIC_NO_PIC = NO;
				GCC_NO_COMMON_BLOCKS = YES;
				GCC_OPTIMIZATION_LEVEL = 0;
				GCC_PREPROCESSOR_DEFINITIONS = (
					"DEBUG=1",
					"$(inherited)",
				);
				GCC_WARN_64_TO_32_BIT_CONVERSION = YES;
				GCC_WARN_ABOUT_RETURN_TYPE = YES_ERROR;
				GCC_WARN_UNDECLARED_SELECTOR = YES;
				GCC_WARN_UNINITIALIZED_AUTOS = YES_AGGRESSIVE;
				GCC_WARN_UNUSED_FUNCTION = YES;
				GCC_WARN_UNUSED_VARIABLE = YES;
				IPHONEOS_DEPLOYMENT_TARGET = 14.0;
				MTL_ENABLE_DEBUG_INFO = INCLUDE_SOURCE;
				MTL_FAST_MATH = YES;
				ONLY_ACTIVE_ARCH = YES;
				SDKROOT = iphoneos;
				SWIFT_ACTIVE_COMPILATION_CONDITIONS = DEBUG;
				SWIFT_OPTIMIZATION_LEVEL = "-Onone";
			};
			name = Debug;
		};
		3C13A7F029B9A74500E2FB03 /* Release */ = {
			isa = XCBuildConfiguration;
			buildSettings = {
				ALWAYS_SEARCH_USER_PATHS = NO;
				CLANG_ANALYZER_NONNULL = YES;
				CLANG_ANALYZER_NUMBER_OBJECT_CONVERSION = YES_AGGRESSIVE;
				CLANG_CXX_LANGUAGE_STANDARD = "gnu++20";
				CLANG_ENABLE_MODULES = YES;
				CLANG_ENABLE_OBJC_ARC = YES;
				CLANG_ENABLE_OBJC_WEAK = YES;
				CLANG_WARN_BLOCK_CAPTURE_AUTORELEASING = YES;
				CLANG_WARN_BOOL_CONVERSION = YES;
				CLANG_WARN_COMMA = YES;
				CLANG_WARN_CONSTANT_CONVERSION = YES;
				CLANG_WARN_DEPRECATED_OBJC_IMPLEMENTATIONS = YES;
				CLANG_WARN_DIRECT_OBJC_ISA_USAGE = YES_ERROR;
				CLANG_WARN_DOCUMENTATION_COMMENTS = YES;
				CLANG_WARN_EMPTY_BODY = YES;
				CLANG_WARN_ENUM_CONVERSION = YES;
				CLANG_WARN_INFINITE_RECURSION = YES;
				CLANG_WARN_INT_CONVERSION = YES;
				CLANG_WARN_NON_LITERAL_NULL_CONVERSION = YES;
				CLANG_WARN_OBJC_IMPLICIT_RETAIN_SELF = YES;
				CLANG_WARN_OBJC_LITERAL_CONVERSION = YES;
				CLANG_WARN_OBJC_ROOT_CLASS = YES_ERROR;
				CLANG_WARN_QUOTED_INCLUDE_IN_FRAMEWORK_HEADER = YES;
				CLANG_WARN_RANGE_LOOP_ANALYSIS = YES;
				CLANG_WARN_STRICT_PROTOTYPES = YES;
				CLANG_WARN_SUSPICIOUS_MOVE = YES;
				CLANG_WARN_UNGUARDED_AVAILABILITY = YES_AGGRESSIVE;
				CLANG_WARN_UNREACHABLE_CODE = YES;
				CLANG_WARN__DUPLICATE_METHOD_MATCH = YES;
				COPY_PHASE_STRIP = NO;
				DEBUG_INFORMATION_FORMAT = "dwarf-with-dsym";
				ENABLE_NS_ASSERTIONS = NO;
				ENABLE_STRICT_OBJC_MSGSEND = YES;
				GCC_C_LANGUAGE_STANDARD = gnu11;
				GCC_NO_COMMON_BLOCKS = YES;
				GCC_WARN_64_TO_32_BIT_CONVERSION = YES;
				GCC_WARN_ABOUT_RETURN_TYPE = YES_ERROR;
				GCC_WARN_UNDECLARED_SELECTOR = YES;
				GCC_WARN_UNINITIALIZED_AUTOS = YES_AGGRESSIVE;
				GCC_WARN_UNUSED_FUNCTION = YES;
				GCC_WARN_UNUSED_VARIABLE = YES;
				IPHONEOS_DEPLOYMENT_TARGET = 14.0;
				MTL_ENABLE_DEBUG_INFO = NO;
				MTL_FAST_MATH = YES;
				SDKROOT = iphoneos;
				SWIFT_COMPILATION_MODE = wholemodule;
				SWIFT_OPTIMIZATION_LEVEL = "-O";
				VALIDATE_PRODUCT = YES;
			};
			name = Release;
		};
		3C13A7F229B9A74500E2FB03 /* Debug */ = {
			isa = XCBuildConfiguration;
			buildSettings = {
				ASSETCATALOG_COMPILER_APPICON_NAME = AppIcon;
				ASSETCATALOG_COMPILER_GLOBAL_ACCENT_COLOR_NAME = AccentColor;
				CODE_SIGN_STYLE = Automatic;
				CURRENT_PROJECT_VERSION = 1;
				GENERATE_INFOPLIST_FILE = YES;
				INFOPLIST_FILE = "K-Market/Resource/Info.plist";
				INFOPLIST_KEY_UIApplicationSupportsIndirectInputEvents = YES;
				INFOPLIST_KEY_UILaunchStoryboardName = LaunchScreen;
				INFOPLIST_KEY_UIMainStoryboardFile = "";
				INFOPLIST_KEY_UISupportedInterfaceOrientations_iPad = "UIInterfaceOrientationPortrait UIInterfaceOrientationPortraitUpsideDown UIInterfaceOrientationLandscapeLeft UIInterfaceOrientationLandscapeRight";
				INFOPLIST_KEY_UISupportedInterfaceOrientations_iPhone = "UIInterfaceOrientationPortrait UIInterfaceOrientationLandscapeLeft UIInterfaceOrientationLandscapeRight";
				IPHONEOS_DEPLOYMENT_TARGET = 14.0;
				LD_RUNPATH_SEARCH_PATHS = (
					"$(inherited)",
					"@executable_path/Frameworks",
				);
				MARKETING_VERSION = 1.0;
				PRODUCT_BUNDLE_IDENTIFIER = "com.PakHyo.K-Market";
				PRODUCT_NAME = "$(TARGET_NAME)";
				SWIFT_EMIT_LOC_STRINGS = YES;
				SWIFT_VERSION = 5.0;
				TARGETED_DEVICE_FAMILY = "1,2";
			};
			name = Debug;
		};
		3C13A7F329B9A74500E2FB03 /* Release */ = {
			isa = XCBuildConfiguration;
			buildSettings = {
				ASSETCATALOG_COMPILER_APPICON_NAME = AppIcon;
				ASSETCATALOG_COMPILER_GLOBAL_ACCENT_COLOR_NAME = AccentColor;
				CODE_SIGN_STYLE = Automatic;
				CURRENT_PROJECT_VERSION = 1;
				GENERATE_INFOPLIST_FILE = YES;
				INFOPLIST_FILE = "K-Market/Resource/Info.plist";
				INFOPLIST_KEY_UIApplicationSupportsIndirectInputEvents = YES;
				INFOPLIST_KEY_UILaunchStoryboardName = LaunchScreen;
				INFOPLIST_KEY_UIMainStoryboardFile = "";
				INFOPLIST_KEY_UISupportedInterfaceOrientations_iPad = "UIInterfaceOrientationPortrait UIInterfaceOrientationPortraitUpsideDown UIInterfaceOrientationLandscapeLeft UIInterfaceOrientationLandscapeRight";
				INFOPLIST_KEY_UISupportedInterfaceOrientations_iPhone = "UIInterfaceOrientationPortrait UIInterfaceOrientationLandscapeLeft UIInterfaceOrientationLandscapeRight";
				IPHONEOS_DEPLOYMENT_TARGET = 14.0;
				LD_RUNPATH_SEARCH_PATHS = (
					"$(inherited)",
					"@executable_path/Frameworks",
				);
				MARKETING_VERSION = 1.0;
				PRODUCT_BUNDLE_IDENTIFIER = "com.PakHyo.K-Market";
				PRODUCT_NAME = "$(TARGET_NAME)";
				SWIFT_EMIT_LOC_STRINGS = YES;
				SWIFT_VERSION = 5.0;
				TARGETED_DEVICE_FAMILY = "1,2";
			};
			name = Release;
		};
/* End XCBuildConfiguration section */

/* Begin XCConfigurationList section */
		3C13A7D829B9A74300E2FB03 /* Build configuration list for PBXProject "K-Market" */ = {
			isa = XCConfigurationList;
			buildConfigurations = (
				3C13A7EF29B9A74500E2FB03 /* Debug */,
				3C13A7F029B9A74500E2FB03 /* Release */,
			);
			defaultConfigurationIsVisible = 0;
			defaultConfigurationName = Release;
		};
		3C13A7F129B9A74500E2FB03 /* Build configuration list for PBXNativeTarget "K-Market" */ = {
			isa = XCConfigurationList;
			buildConfigurations = (
				3C13A7F229B9A74500E2FB03 /* Debug */,
				3C13A7F329B9A74500E2FB03 /* Release */,
			);
			defaultConfigurationIsVisible = 0;
			defaultConfigurationName = Release;
		};
/* End XCConfigurationList section */
	};
	rootObject = 3C13A7D529B9A74300E2FB03 /* Project object */;
}
